// !$*UTF8*$!
{
	archiveVersion = 1;
	classes = {
	};
	objectVersion = 50;
	objects = {

/* Begin PBXBuildFile section */
		BE04551122EDFAC000255267 /* OhSwifter.h in Headers */ = {isa = PBXBuildFile; fileRef = BE04550F22EDFAC000255267 /* OhSwifter.h */; settings = {ATTRIBUTES = (Public, ); }; };
		BE04551922EDFE8F00255267 /* PrintDebug.swift in Sources */ = {isa = PBXBuildFile; fileRef = BE04551822EDFE8F00255267 /* PrintDebug.swift */; };
		BE04554D22EE00A400255267 /* PrivacyAuthorization.swift in Sources */ = {isa = PBXBuildFile; fileRef = BE04553922EE00A400255267 /* PrivacyAuthorization.swift */; };
		BE04554E22EE00A400255267 /* UILabel+Ext.swift in Sources */ = {isa = PBXBuildFile; fileRef = BE04553B22EE00A400255267 /* UILabel+Ext.swift */; };
		BE04554F22EE00A400255267 /* UIScreen+Ext.swift in Sources */ = {isa = PBXBuildFile; fileRef = BE04553C22EE00A400255267 /* UIScreen+Ext.swift */; };
		BE04555022EE00A400255267 /* UICollectionView+Ext.swift in Sources */ = {isa = PBXBuildFile; fileRef = BE04553D22EE00A400255267 /* UICollectionView+Ext.swift */; };
		BE04555122EE00A400255267 /* UIImage+Ext.swift in Sources */ = {isa = PBXBuildFile; fileRef = BE04553E22EE00A400255267 /* UIImage+Ext.swift */; };
		BE04555222EE00A400255267 /* UITextField+Ext.swift in Sources */ = {isa = PBXBuildFile; fileRef = BE04553F22EE00A400255267 /* UITextField+Ext.swift */; };
		BE04555322EE00A400255267 /* UITableView+Ext.swift in Sources */ = {isa = PBXBuildFile; fileRef = BE04554022EE00A400255267 /* UITableView+Ext.swift */; };
		BE04555422EE00A400255267 /* UIButton+Ext.swift in Sources */ = {isa = PBXBuildFile; fileRef = BE04554122EE00A400255267 /* UIButton+Ext.swift */; };
		BE04555522EE00A400255267 /* UIScrollView+Ext.swift in Sources */ = {isa = PBXBuildFile; fileRef = BE04554222EE00A400255267 /* UIScrollView+Ext.swift */; };
		BE04555622EE00A400255267 /* UIColor+Ext.swift in Sources */ = {isa = PBXBuildFile; fileRef = BE04554322EE00A400255267 /* UIColor+Ext.swift */; };
		BE04555722EE00A400255267 /* UIAlertController+Ext.swift in Sources */ = {isa = PBXBuildFile; fileRef = BE04554422EE00A400255267 /* UIAlertController+Ext.swift */; };
		BE04555822EE00A400255267 /* UIStackView+Ext.swift in Sources */ = {isa = PBXBuildFile; fileRef = BE04554522EE00A400255267 /* UIStackView+Ext.swift */; };
		BE04555922EE00A400255267 /* UIWindow+Ext.swift in Sources */ = {isa = PBXBuildFile; fileRef = BE04554622EE00A400255267 /* UIWindow+Ext.swift */; };
		BE04555A22EE00A400255267 /* UIViewController+Ext.swift in Sources */ = {isa = PBXBuildFile; fileRef = BE04554722EE00A400255267 /* UIViewController+Ext.swift */; };
		BE04555B22EE00A400255267 /* UIView+Ext.swift in Sources */ = {isa = PBXBuildFile; fileRef = BE04554822EE00A400255267 /* UIView+Ext.swift */; };
		BE04555C22EE00A400255267 /* RunTime+Ext.swift in Sources */ = {isa = PBXBuildFile; fileRef = BE04554A22EE00A400255267 /* RunTime+Ext.swift */; };
		BE04555D22EE00A400255267 /* ClosureType.swift in Sources */ = {isa = PBXBuildFile; fileRef = BE04554C22EE00A400255267 /* ClosureType.swift */; };
		BE04556822EE00AF00255267 /* NumberType+Ext.swift in Sources */ = {isa = PBXBuildFile; fileRef = BE04555F22EE00AF00255267 /* NumberType+Ext.swift */; };
		BE04556922EE00AF00255267 /* TimeInterval+Ext.swift in Sources */ = {isa = PBXBuildFile; fileRef = BE04556022EE00AF00255267 /* TimeInterval+Ext.swift */; };
		BE04556A22EE00AF00255267 /* Double+Ext.swift in Sources */ = {isa = PBXBuildFile; fileRef = BE04556122EE00AF00255267 /* Double+Ext.swift */; };
		BE04556B22EE00AF00255267 /* Date+Ext.swift in Sources */ = {isa = PBXBuildFile; fileRef = BE04556222EE00AF00255267 /* Date+Ext.swift */; };
		BE04556C22EE00AF00255267 /* FileMamager+Ext.swift in Sources */ = {isa = PBXBuildFile; fileRef = BE04556322EE00AF00255267 /* FileMamager+Ext.swift */; };
		BE04556D22EE00AF00255267 /* Thread+Ext.swift in Sources */ = {isa = PBXBuildFile; fileRef = BE04556422EE00AF00255267 /* Thread+Ext.swift */; };
		BE04556E22EE00AF00255267 /* String+Ext.swift in Sources */ = {isa = PBXBuildFile; fileRef = BE04556522EE00AF00255267 /* String+Ext.swift */; };
		BE04556F22EE00AF00255267 /* Array+Ext.swift in Sources */ = {isa = PBXBuildFile; fileRef = BE04556622EE00AF00255267 /* Array+Ext.swift */; };
		BE04557022EE00AF00255267 /* URL+Ext.swift in Sources */ = {isa = PBXBuildFile; fileRef = BE04556722EE00AF00255267 /* URL+Ext.swift */; };
		BE51100B22F706AC00C3A847 /* UIButton+Oh.swift in Sources */ = {isa = PBXBuildFile; fileRef = BE51100A22F706AC00C3A847 /* UIButton+Oh.swift */; };
		BE51DCC422F5F0B50018110B /* DispatchQueue+Ext.swift in Sources */ = {isa = PBXBuildFile; fileRef = BE51DCC322F5F0B50018110B /* DispatchQueue+Ext.swift */; };
		BE51DCC622F5F1710018110B /* NSAttributedString+Ext.swift in Sources */ = {isa = PBXBuildFile; fileRef = BE51DCC522F5F1710018110B /* NSAttributedString+Ext.swift */; };
		BE51DCC822F5F2B00018110B /* UseerDefault+Ext.swift in Sources */ = {isa = PBXBuildFile; fileRef = BE51DCC722F5F2B00018110B /* UseerDefault+Ext.swift */; };
		BE51DCCB22F5F4810018110B /* SafeArea+iOS10+Ext.swift in Sources */ = {isa = PBXBuildFile; fileRef = BE51DCCA22F5F4810018110B /* SafeArea+iOS10+Ext.swift */; };
		BE51DCCE22F5F53A0018110B /* ScreenRatio.swift in Sources */ = {isa = PBXBuildFile; fileRef = BE51DCCD22F5F53A0018110B /* ScreenRatio.swift */; };
		BE51DCD022F5F6730018110B /* PaddingLabel.swift in Sources */ = {isa = PBXBuildFile; fileRef = BE51DCCF22F5F6730018110B /* PaddingLabel.swift */; };
		BE51DCD322F5F6EC0018110B /* CGSize+Ext.swift in Sources */ = {isa = PBXBuildFile; fileRef = BE51DCD222F5F6EC0018110B /* CGSize+Ext.swift */; };
		BE51DCD422F600CB0018110B /* OhSwifter.framework in Frameworks */ = {isa = PBXBuildFile; fileRef = BE04550C22EDFAC000255267 /* OhSwifter.framework */; };
		BE51DCD522F600CB0018110B /* OhSwifter.framework in Embed Frameworks */ = {isa = PBXBuildFile; fileRef = BE04550C22EDFAC000255267 /* OhSwifter.framework */; settings = {ATTRIBUTES = (CodeSignOnCopy, RemoveHeadersOnCopy, ); }; };
		BE51DCDD22F6B1570018110B /* OhConfigurator.swift in Sources */ = {isa = PBXBuildFile; fileRef = BE51DCDC22F6B1570018110B /* OhConfigurator.swift */; };
		BE51DCDF22F6B3FD0018110B /* UILabel+Oh.swift in Sources */ = {isa = PBXBuildFile; fileRef = BE51DCDE22F6B3FD0018110B /* UILabel+Oh.swift */; };
		BE51DCE122F6BF000018110B /* UIView+Oh.swift in Sources */ = {isa = PBXBuildFile; fileRef = BE51DCE022F6BF000018110B /* UIView+Oh.swift */; };
		BE6FD66722EF417C0003B6C6 /* AppDelegate.swift in Sources */ = {isa = PBXBuildFile; fileRef = BE6FD66622EF417C0003B6C6 /* AppDelegate.swift */; };
		BE6FD66922EF417C0003B6C6 /* ViewController.swift in Sources */ = {isa = PBXBuildFile; fileRef = BE6FD66822EF417C0003B6C6 /* ViewController.swift */; };
		BE6FD66C22EF417C0003B6C6 /* Main.storyboard in Resources */ = {isa = PBXBuildFile; fileRef = BE6FD66A22EF417C0003B6C6 /* Main.storyboard */; };
		BE6FD66E22EF417E0003B6C6 /* Assets.xcassets in Resources */ = {isa = PBXBuildFile; fileRef = BE6FD66D22EF417E0003B6C6 /* Assets.xcassets */; };
		BE6FD67122EF417E0003B6C6 /* LaunchScreen.storyboard in Resources */ = {isa = PBXBuildFile; fileRef = BE6FD66F22EF417E0003B6C6 /* LaunchScreen.storyboard */; };
		BE98505E22FB226E007D2A47 /* UINavigationBar+Oh.swift in Sources */ = {isa = PBXBuildFile; fileRef = BE98505D22FB226D007D2A47 /* UINavigationBar+Oh.swift */; };
		BE98506222FB242A007D2A47 /* UIScrollView+Oh.swift in Sources */ = {isa = PBXBuildFile; fileRef = BE98506122FB242A007D2A47 /* UIScrollView+Oh.swift */; };
		BE98506422FB2672007D2A47 /* UIStackView+Oh.swift in Sources */ = {isa = PBXBuildFile; fileRef = BE98506322FB2672007D2A47 /* UIStackView+Oh.swift */; };
		BE98506622FB26E6007D2A47 /* UITableView+Oh.swift in Sources */ = {isa = PBXBuildFile; fileRef = BE98506522FB26E6007D2A47 /* UITableView+Oh.swift */; };
		BEE4A30D22F5B5B700C0F81D /* Float+Ext.swift in Sources */ = {isa = PBXBuildFile; fileRef = BEE4A30C22F5B5B700C0F81D /* Float+Ext.swift */; };
/* End PBXBuildFile section */

/* Begin PBXContainerItemProxy section */
		BE51DCD622F600CB0018110B /* PBXContainerItemProxy */ = {
			isa = PBXContainerItemProxy;
			containerPortal = BE04550322EDFAC000255267 /* Project object */;
			proxyType = 1;
			remoteGlobalIDString = BE04550B22EDFAC000255267;
			remoteInfo = OhSwifter;
		};
/* End PBXContainerItemProxy section */

/* Begin PBXCopyFilesBuildPhase section */
		BE51DCD822F600CB0018110B /* Embed Frameworks */ = {
			isa = PBXCopyFilesBuildPhase;
			buildActionMask = 2147483647;
			dstPath = "";
			dstSubfolderSpec = 10;
			files = (
				BE51DCD522F600CB0018110B /* OhSwifter.framework in Embed Frameworks */,
			);
			name = "Embed Frameworks";
			runOnlyForDeploymentPostprocessing = 0;
		};
/* End PBXCopyFilesBuildPhase section */

/* Begin PBXFileReference section */
		BE04550C22EDFAC000255267 /* OhSwifter.framework */ = {isa = PBXFileReference; explicitFileType = wrapper.framework; includeInIndex = 0; path = OhSwifter.framework; sourceTree = BUILT_PRODUCTS_DIR; };
		BE04550F22EDFAC000255267 /* OhSwifter.h */ = {isa = PBXFileReference; lastKnownFileType = sourcecode.c.h; path = OhSwifter.h; sourceTree = "<group>"; };
		BE04551022EDFAC000255267 /* Info.plist */ = {isa = PBXFileReference; lastKnownFileType = text.plist.xml; path = Info.plist; sourceTree = "<group>"; };
		BE04551822EDFE8F00255267 /* PrintDebug.swift */ = {isa = PBXFileReference; fileEncoding = 4; lastKnownFileType = sourcecode.swift; path = PrintDebug.swift; sourceTree = "<group>"; };
		BE04553922EE00A400255267 /* PrivacyAuthorization.swift */ = {isa = PBXFileReference; fileEncoding = 4; lastKnownFileType = sourcecode.swift; path = PrivacyAuthorization.swift; sourceTree = "<group>"; };
		BE04553B22EE00A400255267 /* UILabel+Ext.swift */ = {isa = PBXFileReference; fileEncoding = 4; lastKnownFileType = sourcecode.swift; path = "UILabel+Ext.swift"; sourceTree = "<group>"; };
		BE04553C22EE00A400255267 /* UIScreen+Ext.swift */ = {isa = PBXFileReference; fileEncoding = 4; lastKnownFileType = sourcecode.swift; path = "UIScreen+Ext.swift"; sourceTree = "<group>"; };
		BE04553D22EE00A400255267 /* UICollectionView+Ext.swift */ = {isa = PBXFileReference; fileEncoding = 4; lastKnownFileType = sourcecode.swift; path = "UICollectionView+Ext.swift"; sourceTree = "<group>"; };
		BE04553E22EE00A400255267 /* UIImage+Ext.swift */ = {isa = PBXFileReference; fileEncoding = 4; lastKnownFileType = sourcecode.swift; path = "UIImage+Ext.swift"; sourceTree = "<group>"; };
		BE04553F22EE00A400255267 /* UITextField+Ext.swift */ = {isa = PBXFileReference; fileEncoding = 4; lastKnownFileType = sourcecode.swift; path = "UITextField+Ext.swift"; sourceTree = "<group>"; };
		BE04554022EE00A400255267 /* UITableView+Ext.swift */ = {isa = PBXFileReference; fileEncoding = 4; lastKnownFileType = sourcecode.swift; path = "UITableView+Ext.swift"; sourceTree = "<group>"; };
		BE04554122EE00A400255267 /* UIButton+Ext.swift */ = {isa = PBXFileReference; fileEncoding = 4; lastKnownFileType = sourcecode.swift; path = "UIButton+Ext.swift"; sourceTree = "<group>"; };
		BE04554222EE00A400255267 /* UIScrollView+Ext.swift */ = {isa = PBXFileReference; fileEncoding = 4; lastKnownFileType = sourcecode.swift; path = "UIScrollView+Ext.swift"; sourceTree = "<group>"; };
		BE04554322EE00A400255267 /* UIColor+Ext.swift */ = {isa = PBXFileReference; fileEncoding = 4; lastKnownFileType = sourcecode.swift; path = "UIColor+Ext.swift"; sourceTree = "<group>"; };
		BE04554422EE00A400255267 /* UIAlertController+Ext.swift */ = {isa = PBXFileReference; fileEncoding = 4; lastKnownFileType = sourcecode.swift; path = "UIAlertController+Ext.swift"; sourceTree = "<group>"; };
		BE04554522EE00A400255267 /* UIStackView+Ext.swift */ = {isa = PBXFileReference; fileEncoding = 4; lastKnownFileType = sourcecode.swift; path = "UIStackView+Ext.swift"; sourceTree = "<group>"; };
		BE04554622EE00A400255267 /* UIWindow+Ext.swift */ = {isa = PBXFileReference; fileEncoding = 4; lastKnownFileType = sourcecode.swift; path = "UIWindow+Ext.swift"; sourceTree = "<group>"; };
		BE04554722EE00A400255267 /* UIViewController+Ext.swift */ = {isa = PBXFileReference; fileEncoding = 4; lastKnownFileType = sourcecode.swift; path = "UIViewController+Ext.swift"; sourceTree = "<group>"; };
		BE04554822EE00A400255267 /* UIView+Ext.swift */ = {isa = PBXFileReference; fileEncoding = 4; lastKnownFileType = sourcecode.swift; path = "UIView+Ext.swift"; sourceTree = "<group>"; };
		BE04554A22EE00A400255267 /* RunTime+Ext.swift */ = {isa = PBXFileReference; fileEncoding = 4; lastKnownFileType = sourcecode.swift; path = "RunTime+Ext.swift"; sourceTree = "<group>"; };
		BE04554C22EE00A400255267 /* ClosureType.swift */ = {isa = PBXFileReference; fileEncoding = 4; lastKnownFileType = sourcecode.swift; path = ClosureType.swift; sourceTree = "<group>"; };
		BE04555F22EE00AF00255267 /* NumberType+Ext.swift */ = {isa = PBXFileReference; fileEncoding = 4; lastKnownFileType = sourcecode.swift; path = "NumberType+Ext.swift"; sourceTree = "<group>"; };
		BE04556022EE00AF00255267 /* TimeInterval+Ext.swift */ = {isa = PBXFileReference; fileEncoding = 4; lastKnownFileType = sourcecode.swift; path = "TimeInterval+Ext.swift"; sourceTree = "<group>"; };
		BE04556122EE00AF00255267 /* Double+Ext.swift */ = {isa = PBXFileReference; fileEncoding = 4; lastKnownFileType = sourcecode.swift; path = "Double+Ext.swift"; sourceTree = "<group>"; };
		BE04556222EE00AF00255267 /* Date+Ext.swift */ = {isa = PBXFileReference; fileEncoding = 4; lastKnownFileType = sourcecode.swift; path = "Date+Ext.swift"; sourceTree = "<group>"; };
		BE04556322EE00AF00255267 /* FileMamager+Ext.swift */ = {isa = PBXFileReference; fileEncoding = 4; lastKnownFileType = sourcecode.swift; path = "FileMamager+Ext.swift"; sourceTree = "<group>"; };
		BE04556422EE00AF00255267 /* Thread+Ext.swift */ = {isa = PBXFileReference; fileEncoding = 4; lastKnownFileType = sourcecode.swift; path = "Thread+Ext.swift"; sourceTree = "<group>"; };
		BE04556522EE00AF00255267 /* String+Ext.swift */ = {isa = PBXFileReference; fileEncoding = 4; lastKnownFileType = sourcecode.swift; path = "String+Ext.swift"; sourceTree = "<group>"; };
		BE04556622EE00AF00255267 /* Array+Ext.swift */ = {isa = PBXFileReference; fileEncoding = 4; lastKnownFileType = sourcecode.swift; path = "Array+Ext.swift"; sourceTree = "<group>"; };
		BE04556722EE00AF00255267 /* URL+Ext.swift */ = {isa = PBXFileReference; fileEncoding = 4; lastKnownFileType = sourcecode.swift; path = "URL+Ext.swift"; sourceTree = "<group>"; };
		BE51100A22F706AC00C3A847 /* UIButton+Oh.swift */ = {isa = PBXFileReference; lastKnownFileType = sourcecode.swift; path = "UIButton+Oh.swift"; sourceTree = "<group>"; };
		BE51DCC322F5F0B50018110B /* DispatchQueue+Ext.swift */ = {isa = PBXFileReference; lastKnownFileType = sourcecode.swift; path = "DispatchQueue+Ext.swift"; sourceTree = "<group>"; };
		BE51DCC522F5F1710018110B /* NSAttributedString+Ext.swift */ = {isa = PBXFileReference; lastKnownFileType = sourcecode.swift; path = "NSAttributedString+Ext.swift"; sourceTree = "<group>"; };
		BE51DCC722F5F2B00018110B /* UseerDefault+Ext.swift */ = {isa = PBXFileReference; lastKnownFileType = sourcecode.swift; path = "UseerDefault+Ext.swift"; sourceTree = "<group>"; };
		BE51DCCA22F5F4810018110B /* SafeArea+iOS10+Ext.swift */ = {isa = PBXFileReference; lastKnownFileType = sourcecode.swift; path = "SafeArea+iOS10+Ext.swift"; sourceTree = "<group>"; };
		BE51DCCD22F5F53A0018110B /* ScreenRatio.swift */ = {isa = PBXFileReference; lastKnownFileType = sourcecode.swift; path = ScreenRatio.swift; sourceTree = "<group>"; };
		BE51DCCF22F5F6730018110B /* PaddingLabel.swift */ = {isa = PBXFileReference; lastKnownFileType = sourcecode.swift; path = PaddingLabel.swift; sourceTree = "<group>"; };
		BE51DCD222F5F6EC0018110B /* CGSize+Ext.swift */ = {isa = PBXFileReference; lastKnownFileType = sourcecode.swift; path = "CGSize+Ext.swift"; sourceTree = "<group>"; };
		BE51DCDC22F6B1570018110B /* OhConfigurator.swift */ = {isa = PBXFileReference; lastKnownFileType = sourcecode.swift; path = OhConfigurator.swift; sourceTree = "<group>"; };
		BE51DCDE22F6B3FD0018110B /* UILabel+Oh.swift */ = {isa = PBXFileReference; lastKnownFileType = sourcecode.swift; path = "UILabel+Oh.swift"; sourceTree = "<group>"; };
		BE51DCE022F6BF000018110B /* UIView+Oh.swift */ = {isa = PBXFileReference; lastKnownFileType = sourcecode.swift; path = "UIView+Oh.swift"; sourceTree = "<group>"; };
		BE6FD66422EF417C0003B6C6 /* Example.app */ = {isa = PBXFileReference; explicitFileType = wrapper.application; includeInIndex = 0; path = Example.app; sourceTree = BUILT_PRODUCTS_DIR; };
		BE6FD66622EF417C0003B6C6 /* AppDelegate.swift */ = {isa = PBXFileReference; lastKnownFileType = sourcecode.swift; path = AppDelegate.swift; sourceTree = "<group>"; };
		BE6FD66822EF417C0003B6C6 /* ViewController.swift */ = {isa = PBXFileReference; lastKnownFileType = sourcecode.swift; path = ViewController.swift; sourceTree = "<group>"; };
		BE6FD66B22EF417C0003B6C6 /* Base */ = {isa = PBXFileReference; lastKnownFileType = file.storyboard; name = Base; path = Base.lproj/Main.storyboard; sourceTree = "<group>"; };
		BE6FD66D22EF417E0003B6C6 /* Assets.xcassets */ = {isa = PBXFileReference; lastKnownFileType = folder.assetcatalog; path = Assets.xcassets; sourceTree = "<group>"; };
		BE6FD67022EF417E0003B6C6 /* Base */ = {isa = PBXFileReference; lastKnownFileType = file.storyboard; name = Base; path = Base.lproj/LaunchScreen.storyboard; sourceTree = "<group>"; };
		BE6FD67222EF417E0003B6C6 /* Info.plist */ = {isa = PBXFileReference; lastKnownFileType = text.plist.xml; path = Info.plist; sourceTree = "<group>"; };
		BE98505D22FB226D007D2A47 /* UINavigationBar+Oh.swift */ = {isa = PBXFileReference; lastKnownFileType = sourcecode.swift; path = "UINavigationBar+Oh.swift"; sourceTree = "<group>"; };
		BE98506122FB242A007D2A47 /* UIScrollView+Oh.swift */ = {isa = PBXFileReference; lastKnownFileType = sourcecode.swift; path = "UIScrollView+Oh.swift"; sourceTree = "<group>"; };
		BE98506322FB2672007D2A47 /* UIStackView+Oh.swift */ = {isa = PBXFileReference; lastKnownFileType = sourcecode.swift; path = "UIStackView+Oh.swift"; sourceTree = "<group>"; };
		BE98506522FB26E6007D2A47 /* UITableView+Oh.swift */ = {isa = PBXFileReference; lastKnownFileType = sourcecode.swift; path = "UITableView+Oh.swift"; sourceTree = "<group>"; };
		BEE4A30C22F5B5B700C0F81D /* Float+Ext.swift */ = {isa = PBXFileReference; lastKnownFileType = sourcecode.swift; path = "Float+Ext.swift"; sourceTree = "<group>"; };
/* End PBXFileReference section */

/* Begin PBXFrameworksBuildPhase section */
		BE04550922EDFAC000255267 /* Frameworks */ = {
			isa = PBXFrameworksBuildPhase;
			buildActionMask = 2147483647;
			files = (
			);
			runOnlyForDeploymentPostprocessing = 0;
		};
		BE6FD66122EF417C0003B6C6 /* Frameworks */ = {
			isa = PBXFrameworksBuildPhase;
			buildActionMask = 2147483647;
			files = (
				BE51DCD422F600CB0018110B /* OhSwifter.framework in Frameworks */,
			);
			runOnlyForDeploymentPostprocessing = 0;
		};
/* End PBXFrameworksBuildPhase section */

/* Begin PBXGroup section */
		BE04550222EDFAC000255267 = {
			isa = PBXGroup;
			children = (
				BE6FD66522EF417C0003B6C6 /* Example */,
				BE04550E22EDFAC000255267 /* OhSwifter */,
				BE04550D22EDFAC000255267 /* Products */,
			);
			sourceTree = "<group>";
		};
		BE04550D22EDFAC000255267 /* Products */ = {
			isa = PBXGroup;
			children = (
				BE04550C22EDFAC000255267 /* OhSwifter.framework */,
				BE6FD66422EF417C0003B6C6 /* Example.app */,
			);
			name = Products;
			sourceTree = "<group>";
		};
		BE04550E22EDFAC000255267 /* OhSwifter */ = {
			isa = PBXGroup;
			children = (
				BE51DCDB22F6B10B0018110B /* OhConfigurator */,
				BE04555E22EE00AF00255267 /* Fundation */,
				BE04553A22EE00A400255267 /* UIKit */,
				BE04553822EE00A400255267 /* PrivacyAuthorizedCheck */,
				BE04554922EE00A400255267 /* RunTime */,
				BE04554B22EE00A400255267 /* typealias */,
				BE04551722EDFE8F00255267 /* Pring+Debug */,
				BE51DCC922F5F33A0018110B /* SnapKit+Ext */,
				BE04550F22EDFAC000255267 /* OhSwifter.h */,
				BE04551022EDFAC000255267 /* Info.plist */,
			);
			path = OhSwifter;
			sourceTree = "<group>";
		};
		BE04551722EDFE8F00255267 /* Pring+Debug */ = {
			isa = PBXGroup;
			children = (
				BE04551822EDFE8F00255267 /* PrintDebug.swift */,
			);
			path = "Pring+Debug";
			sourceTree = "<group>";
		};
		BE04553822EE00A400255267 /* PrivacyAuthorizedCheck */ = {
			isa = PBXGroup;
			children = (
				BE04553922EE00A400255267 /* PrivacyAuthorization.swift */,
			);
			path = PrivacyAuthorizedCheck;
			sourceTree = "<group>";
		};
		BE04553A22EE00A400255267 /* UIKit */ = {
			isa = PBXGroup;
			children = (
				BE04553B22EE00A400255267 /* UILabel+Ext.swift */,
				BE04553C22EE00A400255267 /* UIScreen+Ext.swift */,
				BE04553D22EE00A400255267 /* UICollectionView+Ext.swift */,
				BE04553E22EE00A400255267 /* UIImage+Ext.swift */,
				BE04553F22EE00A400255267 /* UITextField+Ext.swift */,
				BE04554022EE00A400255267 /* UITableView+Ext.swift */,
				BE04554122EE00A400255267 /* UIButton+Ext.swift */,
				BE04554222EE00A400255267 /* UIScrollView+Ext.swift */,
				BE04554322EE00A400255267 /* UIColor+Ext.swift */,
				BE04554422EE00A400255267 /* UIAlertController+Ext.swift */,
				BE04554522EE00A400255267 /* UIStackView+Ext.swift */,
				BE04554622EE00A400255267 /* UIWindow+Ext.swift */,
				BE04554722EE00A400255267 /* UIViewController+Ext.swift */,
				BE04554822EE00A400255267 /* UIView+Ext.swift */,
				BE51DCCC22F5F4F40018110B /* ScreenRatio */,
				BE51DCD122F5F6770018110B /* ConvenienceUI */,
			);
			path = UIKit;
			sourceTree = "<group>";
		};
		BE04554922EE00A400255267 /* RunTime */ = {
			isa = PBXGroup;
			children = (
				BE04554A22EE00A400255267 /* RunTime+Ext.swift */,
			);
			path = RunTime;
			sourceTree = "<group>";
		};
		BE04554B22EE00A400255267 /* typealias */ = {
			isa = PBXGroup;
			children = (
				BE04554C22EE00A400255267 /* ClosureType.swift */,
			);
			path = typealias;
			sourceTree = "<group>";
		};
		BE04555E22EE00AF00255267 /* Fundation */ = {
			isa = PBXGroup;
			children = (
				BE04555F22EE00AF00255267 /* NumberType+Ext.swift */,
				BE04556122EE00AF00255267 /* Double+Ext.swift */,
				BEE4A30C22F5B5B700C0F81D /* Float+Ext.swift */,
				BE04556022EE00AF00255267 /* TimeInterval+Ext.swift */,
				BE51DCC322F5F0B50018110B /* DispatchQueue+Ext.swift */,
				BE04556222EE00AF00255267 /* Date+Ext.swift */,
				BE04556322EE00AF00255267 /* FileMamager+Ext.swift */,
				BE04556422EE00AF00255267 /* Thread+Ext.swift */,
				BE04556522EE00AF00255267 /* String+Ext.swift */,
				BE04556622EE00AF00255267 /* Array+Ext.swift */,
				BE04556722EE00AF00255267 /* URL+Ext.swift */,
				BE51DCC522F5F1710018110B /* NSAttributedString+Ext.swift */,
				BE51DCC722F5F2B00018110B /* UseerDefault+Ext.swift */,
				BE51DCD222F5F6EC0018110B /* CGSize+Ext.swift */,
			);
			path = Fundation;
			sourceTree = "<group>";
		};
		BE51DCC922F5F33A0018110B /* SnapKit+Ext */ = {
			isa = PBXGroup;
			children = (
				BE51DCCA22F5F4810018110B /* SafeArea+iOS10+Ext.swift */,
			);
			path = "SnapKit+Ext";
			sourceTree = "<group>";
		};
		BE51DCCC22F5F4F40018110B /* ScreenRatio */ = {
			isa = PBXGroup;
			children = (
				BE51DCCD22F5F53A0018110B /* ScreenRatio.swift */,
			);
			path = ScreenRatio;
			sourceTree = "<group>";
		};
		BE51DCD122F5F6770018110B /* ConvenienceUI */ = {
			isa = PBXGroup;
			children = (
				BE51DCCF22F5F6730018110B /* PaddingLabel.swift */,
			);
			path = ConvenienceUI;
			sourceTree = "<group>";
		};
		BE51DCDB22F6B10B0018110B /* OhConfigurator */ = {
			isa = PBXGroup;
			children = (
				BE51DCDC22F6B1570018110B /* OhConfigurator.swift */,
				BE51DCE022F6BF000018110B /* UIView+Oh.swift */,
				BE51DCDE22F6B3FD0018110B /* UILabel+Oh.swift */,
				BE51100A22F706AC00C3A847 /* UIButton+Oh.swift */,
				BE98505D22FB226D007D2A47 /* UINavigationBar+Oh.swift */,
				BE98506122FB242A007D2A47 /* UIScrollView+Oh.swift */,
				BE98506322FB2672007D2A47 /* UIStackView+Oh.swift */,
				BE98506522FB26E6007D2A47 /* UITableView+Oh.swift */,
			);
			path = OhConfigurator;
			sourceTree = "<group>";
		};
		BE6FD66522EF417C0003B6C6 /* Example */ = {
			isa = PBXGroup;
			children = (
				BE6FD66622EF417C0003B6C6 /* AppDelegate.swift */,
				BE6FD66822EF417C0003B6C6 /* ViewController.swift */,
				BE6FD66A22EF417C0003B6C6 /* Main.storyboard */,
				BE6FD66D22EF417E0003B6C6 /* Assets.xcassets */,
				BE6FD66F22EF417E0003B6C6 /* LaunchScreen.storyboard */,
				BE6FD67222EF417E0003B6C6 /* Info.plist */,
			);
			path = Example;
			sourceTree = "<group>";
		};
/* End PBXGroup section */

/* Begin PBXHeadersBuildPhase section */
		BE04550722EDFAC000255267 /* Headers */ = {
			isa = PBXHeadersBuildPhase;
			buildActionMask = 2147483647;
			files = (
				BE04551122EDFAC000255267 /* OhSwifter.h in Headers */,
			);
			runOnlyForDeploymentPostprocessing = 0;
		};
/* End PBXHeadersBuildPhase section */

/* Begin PBXNativeTarget section */
		BE04550B22EDFAC000255267 /* OhSwifter */ = {
			isa = PBXNativeTarget;
			buildConfigurationList = BE04551422EDFAC000255267 /* Build configuration list for PBXNativeTarget "OhSwifter" */;
			buildPhases = (
				BE04550722EDFAC000255267 /* Headers */,
				BE04550822EDFAC000255267 /* Sources */,
				BE04550922EDFAC000255267 /* Frameworks */,
				BE04550A22EDFAC000255267 /* Resources */,
			);
			buildRules = (
			);
			dependencies = (
			);
			name = OhSwifter;
			productName = OhSwifter;
			productReference = BE04550C22EDFAC000255267 /* OhSwifter.framework */;
			productType = "com.apple.product-type.framework";
		};
		BE6FD66322EF417C0003B6C6 /* Example */ = {
			isa = PBXNativeTarget;
			buildConfigurationList = BE6FD67522EF417E0003B6C6 /* Build configuration list for PBXNativeTarget "Example" */;
			buildPhases = (
				BE6FD66022EF417C0003B6C6 /* Sources */,
				BE6FD66122EF417C0003B6C6 /* Frameworks */,
				BE6FD66222EF417C0003B6C6 /* Resources */,
				BE51DCD822F600CB0018110B /* Embed Frameworks */,
			);
			buildRules = (
			);
			dependencies = (
				BE51DCD722F600CB0018110B /* PBXTargetDependency */,
			);
			name = Example;
			productName = Example;
			productReference = BE6FD66422EF417C0003B6C6 /* Example.app */;
			productType = "com.apple.product-type.application";
		};
/* End PBXNativeTarget section */

/* Begin PBXProject section */
		BE04550322EDFAC000255267 /* Project object */ = {
			isa = PBXProject;
			attributes = {
				LastSwiftUpdateCheck = 1030;
				LastUpgradeCheck = 1030;
				ORGANIZATIONNAME = ohlulu;
				TargetAttributes = {
					BE04550B22EDFAC000255267 = {
						CreatedOnToolsVersion = 10.3;
					};
					BE6FD66322EF417C0003B6C6 = {
						CreatedOnToolsVersion = 10.3;
					};
				};
			};
			buildConfigurationList = BE04550622EDFAC000255267 /* Build configuration list for PBXProject "OhSwifter" */;
			compatibilityVersion = "Xcode 9.3";
			developmentRegion = en;
			hasScannedForEncodings = 0;
			knownRegions = (
				en,
				Base,
			);
			mainGroup = BE04550222EDFAC000255267;
			productRefGroup = BE04550D22EDFAC000255267 /* Products */;
			projectDirPath = "";
			projectRoot = "";
			targets = (
				BE04550B22EDFAC000255267 /* OhSwifter */,
				BE6FD66322EF417C0003B6C6 /* Example */,
			);
		};
/* End PBXProject section */

/* Begin PBXResourcesBuildPhase section */
		BE04550A22EDFAC000255267 /* Resources */ = {
			isa = PBXResourcesBuildPhase;
			buildActionMask = 2147483647;
			files = (
			);
			runOnlyForDeploymentPostprocessing = 0;
		};
		BE6FD66222EF417C0003B6C6 /* Resources */ = {
			isa = PBXResourcesBuildPhase;
			buildActionMask = 2147483647;
			files = (
				BE6FD67122EF417E0003B6C6 /* LaunchScreen.storyboard in Resources */,
				BE6FD66E22EF417E0003B6C6 /* Assets.xcassets in Resources */,
				BE6FD66C22EF417C0003B6C6 /* Main.storyboard in Resources */,
			);
			runOnlyForDeploymentPostprocessing = 0;
		};
/* End PBXResourcesBuildPhase section */

/* Begin PBXSourcesBuildPhase section */
		BE04550822EDFAC000255267 /* Sources */ = {
			isa = PBXSourcesBuildPhase;
			buildActionMask = 2147483647;
			files = (
				BE04555B22EE00A400255267 /* UIView+Ext.swift in Sources */,
				BE04556F22EE00AF00255267 /* Array+Ext.swift in Sources */,
				BE04554D22EE00A400255267 /* PrivacyAuthorization.swift in Sources */,
				BE51DCDF22F6B3FD0018110B /* UILabel+Oh.swift in Sources */,
				BE51DCC622F5F1710018110B /* NSAttributedString+Ext.swift in Sources */,
				BE04555922EE00A400255267 /* UIWindow+Ext.swift in Sources */,
				BE04555A22EE00A400255267 /* UIViewController+Ext.swift in Sources */,
				BE04554E22EE00A400255267 /* UILabel+Ext.swift in Sources */,
				BE04555422EE00A400255267 /* UIButton+Ext.swift in Sources */,
				BE04551922EDFE8F00255267 /* PrintDebug.swift in Sources */,
				BE04556D22EE00AF00255267 /* Thread+Ext.swift in Sources */,
				BE04555622EE00A400255267 /* UIColor+Ext.swift in Sources */,
				BE98506222FB242A007D2A47 /* UIScrollView+Oh.swift in Sources */,
				BE04555222EE00A400255267 /* UITextField+Ext.swift in Sources */,
				BE98505E22FB226E007D2A47 /* UINavigationBar+Oh.swift in Sources */,
				BE04555D22EE00A400255267 /* ClosureType.swift in Sources */,
				BEE4A30D22F5B5B700C0F81D /* Float+Ext.swift in Sources */,
				BE51DCD322F5F6EC0018110B /* CGSize+Ext.swift in Sources */,
				BE04555C22EE00A400255267 /* RunTime+Ext.swift in Sources */,
				BE04556A22EE00AF00255267 /* Double+Ext.swift in Sources */,
				BE51DCE122F6BF000018110B /* UIView+Oh.swift in Sources */,
				BE04555122EE00A400255267 /* UIImage+Ext.swift in Sources */,
				BE04555322EE00A400255267 /* UITableView+Ext.swift in Sources */,
				BE51DCC822F5F2B00018110B /* UseerDefault+Ext.swift in Sources */,
				BE51100B22F706AC00C3A847 /* UIButton+Oh.swift in Sources */,
				BE04556922EE00AF00255267 /* TimeInterval+Ext.swift in Sources */,
				BE04555722EE00A400255267 /* UIAlertController+Ext.swift in Sources */,
				BE04556822EE00AF00255267 /* NumberType+Ext.swift in Sources */,
				BE04556E22EE00AF00255267 /* String+Ext.swift in Sources */,
				BE04556B22EE00AF00255267 /* Date+Ext.swift in Sources */,
				BE04554F22EE00A400255267 /* UIScreen+Ext.swift in Sources */,
				BE98506622FB26E6007D2A47 /* UITableView+Oh.swift in Sources */,
				BE04555822EE00A400255267 /* UIStackView+Ext.swift in Sources */,
				BE04556C22EE00AF00255267 /* FileMamager+Ext.swift in Sources */,
				BE04555022EE00A400255267 /* UICollectionView+Ext.swift in Sources */,
				BE98506422FB2672007D2A47 /* UIStackView+Oh.swift in Sources */,
				BE51DCD022F5F6730018110B /* PaddingLabel.swift in Sources */,
				BE04557022EE00AF00255267 /* URL+Ext.swift in Sources */,
				BE51DCDD22F6B1570018110B /* OhConfigurator.swift in Sources */,
				BE51DCCE22F5F53A0018110B /* ScreenRatio.swift in Sources */,
				BE51DCC422F5F0B50018110B /* DispatchQueue+Ext.swift in Sources */,
				BE51DCCB22F5F4810018110B /* SafeArea+iOS10+Ext.swift in Sources */,
				BE04555522EE00A400255267 /* UIScrollView+Ext.swift in Sources */,
			);
			runOnlyForDeploymentPostprocessing = 0;
		};
		BE6FD66022EF417C0003B6C6 /* Sources */ = {
			isa = PBXSourcesBuildPhase;
			buildActionMask = 2147483647;
			files = (
				BE6FD66922EF417C0003B6C6 /* ViewController.swift in Sources */,
				BE6FD66722EF417C0003B6C6 /* AppDelegate.swift in Sources */,
			);
			runOnlyForDeploymentPostprocessing = 0;
		};
/* End PBXSourcesBuildPhase section */

/* Begin PBXTargetDependency section */
		BE51DCD722F600CB0018110B /* PBXTargetDependency */ = {
			isa = PBXTargetDependency;
			target = BE04550B22EDFAC000255267 /* OhSwifter */;
			targetProxy = BE51DCD622F600CB0018110B /* PBXContainerItemProxy */;
		};
/* End PBXTargetDependency section */

/* Begin PBXVariantGroup section */
		BE6FD66A22EF417C0003B6C6 /* Main.storyboard */ = {
			isa = PBXVariantGroup;
			children = (
				BE6FD66B22EF417C0003B6C6 /* Base */,
			);
			name = Main.storyboard;
			sourceTree = "<group>";
		};
		BE6FD66F22EF417E0003B6C6 /* LaunchScreen.storyboard */ = {
			isa = PBXVariantGroup;
			children = (
				BE6FD67022EF417E0003B6C6 /* Base */,
			);
			name = LaunchScreen.storyboard;
			sourceTree = "<group>";
		};
/* End PBXVariantGroup section */

/* Begin XCBuildConfiguration section */
		BE04551222EDFAC000255267 /* Debug */ = {
			isa = XCBuildConfiguration;
			buildSettings = {
				ALWAYS_SEARCH_USER_PATHS = NO;
				CLANG_ANALYZER_NONNULL = YES;
				CLANG_ANALYZER_NUMBER_OBJECT_CONVERSION = YES_AGGRESSIVE;
				CLANG_CXX_LANGUAGE_STANDARD = "gnu++14";
				CLANG_CXX_LIBRARY = "libc++";
				CLANG_ENABLE_MODULES = YES;
				CLANG_ENABLE_OBJC_ARC = YES;
				CLANG_ENABLE_OBJC_WEAK = YES;
				CLANG_WARN_BLOCK_CAPTURE_AUTORELEASING = YES;
				CLANG_WARN_BOOL_CONVERSION = YES;
				CLANG_WARN_COMMA = YES;
				CLANG_WARN_CONSTANT_CONVERSION = YES;
				CLANG_WARN_DEPRECATED_OBJC_IMPLEMENTATIONS = YES;
				CLANG_WARN_DIRECT_OBJC_ISA_USAGE = YES_ERROR;
				CLANG_WARN_DOCUMENTATION_COMMENTS = YES;
				CLANG_WARN_EMPTY_BODY = YES;
				CLANG_WARN_ENUM_CONVERSION = YES;
				CLANG_WARN_INFINITE_RECURSION = YES;
				CLANG_WARN_INT_CONVERSION = YES;
				CLANG_WARN_NON_LITERAL_NULL_CONVERSION = YES;
				CLANG_WARN_OBJC_IMPLICIT_RETAIN_SELF = YES;
				CLANG_WARN_OBJC_LITERAL_CONVERSION = YES;
				CLANG_WARN_OBJC_ROOT_CLASS = YES_ERROR;
				CLANG_WARN_RANGE_LOOP_ANALYSIS = YES;
				CLANG_WARN_STRICT_PROTOTYPES = YES;
				CLANG_WARN_SUSPICIOUS_MOVE = YES;
				CLANG_WARN_UNGUARDED_AVAILABILITY = YES_AGGRESSIVE;
				CLANG_WARN_UNREACHABLE_CODE = YES;
				CLANG_WARN__DUPLICATE_METHOD_MATCH = YES;
				CODE_SIGN_IDENTITY = "iPhone Developer";
				COPY_PHASE_STRIP = NO;
				CURRENT_PROJECT_VERSION = 1;
				DEBUG_INFORMATION_FORMAT = dwarf;
				ENABLE_STRICT_OBJC_MSGSEND = YES;
				ENABLE_TESTABILITY = YES;
				GCC_C_LANGUAGE_STANDARD = gnu11;
				GCC_DYNAMIC_NO_PIC = NO;
				GCC_NO_COMMON_BLOCKS = YES;
				GCC_OPTIMIZATION_LEVEL = 0;
				GCC_PREPROCESSOR_DEFINITIONS = (
					"DEBUG=1",
					"$(inherited)",
				);
				GCC_WARN_64_TO_32_BIT_CONVERSION = YES;
				GCC_WARN_ABOUT_RETURN_TYPE = YES_ERROR;
				GCC_WARN_UNDECLARED_SELECTOR = YES;
				GCC_WARN_UNINITIALIZED_AUTOS = YES_AGGRESSIVE;
				GCC_WARN_UNUSED_FUNCTION = YES;
				GCC_WARN_UNUSED_VARIABLE = YES;
				IPHONEOS_DEPLOYMENT_TARGET = 12.4;
				MTL_ENABLE_DEBUG_INFO = INCLUDE_SOURCE;
				MTL_FAST_MATH = YES;
				ONLY_ACTIVE_ARCH = YES;
				SDKROOT = iphoneos;
				SWIFT_ACTIVE_COMPILATION_CONDITIONS = DEBUG;
				SWIFT_OPTIMIZATION_LEVEL = "-Onone";
				VERSIONING_SYSTEM = "apple-generic";
				VERSION_INFO_PREFIX = "";
			};
			name = Debug;
		};
		BE04551322EDFAC000255267 /* Release */ = {
			isa = XCBuildConfiguration;
			buildSettings = {
				ALWAYS_SEARCH_USER_PATHS = NO;
				CLANG_ANALYZER_NONNULL = YES;
				CLANG_ANALYZER_NUMBER_OBJECT_CONVERSION = YES_AGGRESSIVE;
				CLANG_CXX_LANGUAGE_STANDARD = "gnu++14";
				CLANG_CXX_LIBRARY = "libc++";
				CLANG_ENABLE_MODULES = YES;
				CLANG_ENABLE_OBJC_ARC = YES;
				CLANG_ENABLE_OBJC_WEAK = YES;
				CLANG_WARN_BLOCK_CAPTURE_AUTORELEASING = YES;
				CLANG_WARN_BOOL_CONVERSION = YES;
				CLANG_WARN_COMMA = YES;
				CLANG_WARN_CONSTANT_CONVERSION = YES;
				CLANG_WARN_DEPRECATED_OBJC_IMPLEMENTATIONS = YES;
				CLANG_WARN_DIRECT_OBJC_ISA_USAGE = YES_ERROR;
				CLANG_WARN_DOCUMENTATION_COMMENTS = YES;
				CLANG_WARN_EMPTY_BODY = YES;
				CLANG_WARN_ENUM_CONVERSION = YES;
				CLANG_WARN_INFINITE_RECURSION = YES;
				CLANG_WARN_INT_CONVERSION = YES;
				CLANG_WARN_NON_LITERAL_NULL_CONVERSION = YES;
				CLANG_WARN_OBJC_IMPLICIT_RETAIN_SELF = YES;
				CLANG_WARN_OBJC_LITERAL_CONVERSION = YES;
				CLANG_WARN_OBJC_ROOT_CLASS = YES_ERROR;
				CLANG_WARN_RANGE_LOOP_ANALYSIS = YES;
				CLANG_WARN_STRICT_PROTOTYPES = YES;
				CLANG_WARN_SUSPICIOUS_MOVE = YES;
				CLANG_WARN_UNGUARDED_AVAILABILITY = YES_AGGRESSIVE;
				CLANG_WARN_UNREACHABLE_CODE = YES;
				CLANG_WARN__DUPLICATE_METHOD_MATCH = YES;
				CODE_SIGN_IDENTITY = "iPhone Developer";
				COPY_PHASE_STRIP = NO;
				CURRENT_PROJECT_VERSION = 1;
				DEBUG_INFORMATION_FORMAT = "dwarf-with-dsym";
				ENABLE_NS_ASSERTIONS = NO;
				ENABLE_STRICT_OBJC_MSGSEND = YES;
				GCC_C_LANGUAGE_STANDARD = gnu11;
				GCC_NO_COMMON_BLOCKS = YES;
				GCC_WARN_64_TO_32_BIT_CONVERSION = YES;
				GCC_WARN_ABOUT_RETURN_TYPE = YES_ERROR;
				GCC_WARN_UNDECLARED_SELECTOR = YES;
				GCC_WARN_UNINITIALIZED_AUTOS = YES_AGGRESSIVE;
				GCC_WARN_UNUSED_FUNCTION = YES;
				GCC_WARN_UNUSED_VARIABLE = YES;
				IPHONEOS_DEPLOYMENT_TARGET = 12.4;
				MTL_ENABLE_DEBUG_INFO = NO;
				MTL_FAST_MATH = YES;
				SDKROOT = iphoneos;
				SWIFT_COMPILATION_MODE = wholemodule;
				SWIFT_OPTIMIZATION_LEVEL = "-O";
				VALIDATE_PRODUCT = YES;
				VERSIONING_SYSTEM = "apple-generic";
				VERSION_INFO_PREFIX = "";
			};
			name = Release;
		};
		BE04551522EDFAC000255267 /* Debug */ = {
			isa = XCBuildConfiguration;
			buildSettings = {
				CODE_SIGN_IDENTITY = "";
				CODE_SIGN_STYLE = Automatic;
				DEFINES_MODULE = YES;
				DEVELOPMENT_TEAM = TSTQSY2TJN;
				DYLIB_COMPATIBILITY_VERSION = 1;
				DYLIB_CURRENT_VERSION = 1;
				DYLIB_INSTALL_NAME_BASE = "@rpath";
				INFOPLIST_FILE = OhSwifter/Info.plist;
				INSTALL_PATH = "$(LOCAL_LIBRARY_DIR)/Frameworks";
				IPHONEOS_DEPLOYMENT_TARGET = 11;
				LD_RUNPATH_SEARCH_PATHS = (
					"$(inherited)",
					"@executable_path/Frameworks",
					"@loader_path/Frameworks",
				);
				PRODUCT_BUNDLE_IDENTIFIER = tw.ohlulu.OhSwifter;
				PRODUCT_NAME = "$(TARGET_NAME:c99extidentifier)";
				SKIP_INSTALL = YES;
				SWIFT_VERSION = 5.0;
				TARGETED_DEVICE_FAMILY = "1,2";
			};
			name = Debug;
		};
		BE04551622EDFAC000255267 /* Release */ = {
			isa = XCBuildConfiguration;
			buildSettings = {
				CODE_SIGN_IDENTITY = "";
				CODE_SIGN_STYLE = Automatic;
				DEFINES_MODULE = YES;
				DEVELOPMENT_TEAM = TSTQSY2TJN;
				DYLIB_COMPATIBILITY_VERSION = 1;
				DYLIB_CURRENT_VERSION = 1;
				DYLIB_INSTALL_NAME_BASE = "@rpath";
				INFOPLIST_FILE = OhSwifter/Info.plist;
				INSTALL_PATH = "$(LOCAL_LIBRARY_DIR)/Frameworks";
				IPHONEOS_DEPLOYMENT_TARGET = 11;
				LD_RUNPATH_SEARCH_PATHS = (
					"$(inherited)",
					"@executable_path/Frameworks",
					"@loader_path/Frameworks",
				);
				PRODUCT_BUNDLE_IDENTIFIER = tw.ohlulu.OhSwifter;
				PRODUCT_NAME = "$(TARGET_NAME:c99extidentifier)";
				SKIP_INSTALL = YES;
				SWIFT_VERSION = 5.0;
				TARGETED_DEVICE_FAMILY = "1,2";
			};
			name = Release;
		};
		BE6FD67322EF417E0003B6C6 /* Debug */ = {
			isa = XCBuildConfiguration;
			buildSettings = {
				ALWAYS_EMBED_SWIFT_STANDARD_LIBRARIES = YES;
				ASSETCATALOG_COMPILER_APPICON_NAME = AppIcon;
				CODE_SIGN_STYLE = Automatic;
				DEVELOPMENT_TEAM = TSTQSY2TJN;
				INFOPLIST_FILE = Example/Info.plist;
				IPHONEOS_DEPLOYMENT_TARGET = 11;
				LD_RUNPATH_SEARCH_PATHS = (
					"$(inherited)",
					"@executable_path/Frameworks",
				);
				PRODUCT_BUNDLE_IDENTIFIER = tw.ohlulu.Example;
				PRODUCT_NAME = "$(TARGET_NAME)";
				SWIFT_VERSION = 5.0;
				TARGETED_DEVICE_FAMILY = "1,2";
			};
			name = Debug;
		};
		BE6FD67422EF417E0003B6C6 /* Release */ = {
			isa = XCBuildConfiguration;
			buildSettings = {
				ALWAYS_EMBED_SWIFT_STANDARD_LIBRARIES = YES;
				ASSETCATALOG_COMPILER_APPICON_NAME = AppIcon;
				CODE_SIGN_STYLE = Automatic;
				DEVELOPMENT_TEAM = TSTQSY2TJN;
				INFOPLIST_FILE = Example/Info.plist;
				IPHONEOS_DEPLOYMENT_TARGET = 11;
				LD_RUNPATH_SEARCH_PATHS = (
					"$(inherited)",
					"@executable_path/Frameworks",
				);
				PRODUCT_BUNDLE_IDENTIFIER = tw.ohlulu.Example;
				PRODUCT_NAME = "$(TARGET_NAME)";
				SWIFT_VERSION = 5.0;
				TARGETED_DEVICE_FAMILY = "1,2";
			};
			name = Release;
		};
/* End XCBuildConfiguration section */

/* Begin XCConfigurationList section */
		BE04550622EDFAC000255267 /* Build configuration list for PBXProject "OhSwifter" */ = {
			isa = XCConfigurationList;
			buildConfigurations = (
				BE04551222EDFAC000255267 /* Debug */,
				BE04551322EDFAC000255267 /* Release */,
			);
			defaultConfigurationIsVisible = 0;
			defaultConfigurationName = Release;
		};
		BE04551422EDFAC000255267 /* Build configuration list for PBXNativeTarget "OhSwifter" */ = {
			isa = XCConfigurationList;
			buildConfigurations = (
				BE04551522EDFAC000255267 /* Debug */,
				BE04551622EDFAC000255267 /* Release */,
			);
			defaultConfigurationIsVisible = 0;
			defaultConfigurationName = Release;
		};
		BE6FD67522EF417E0003B6C6 /* Build configuration list for PBXNativeTarget "Example" */ = {
			isa = XCConfigurationList;
			buildConfigurations = (
				BE6FD67322EF417E0003B6C6 /* Debug */,
				BE6FD67422EF417E0003B6C6 /* Release */,
			);
			defaultConfigurationIsVisible = 0;
			defaultConfigurationName = Release;
		};
/* End XCConfigurationList section */
	};
	rootObject = BE04550322EDFAC000255267 /* Project object */;
}
