// !$*UTF8*$!
{
	archiveVersion = 1;
	classes = {
	};
	objectVersion = 51;
	objects = {

/* Begin PBXBuildFile section */
		413D7E6CC1AB5655323A12A8 /* Pods_OhSwifter_OhSwifterTests.framework in Frameworks */ = {isa = PBXBuildFile; fileRef = 4DF65CF426861156DEF51CD3 /* Pods_OhSwifter_OhSwifterTests.framework */; };
		6B448CFDF1F2AF249B9F0A5C /* Pods_OhSwifter.framework in Frameworks */ = {isa = PBXBuildFile; fileRef = 09D1685EBECA5DD4CE98F08D /* Pods_OhSwifter.framework */; };
		BE04551122EDFAC000255267 /* OhSwifter.h in Headers */ = {isa = PBXBuildFile; fileRef = BE04550F22EDFAC000255267 /* OhSwifter.h */; settings = {ATTRIBUTES = (Public, ); }; };
		BE04A930232CD1A5001C73AF /* UIPageControl+Oh.swift in Sources */ = {isa = PBXBuildFile; fileRef = BE04A92F232CD1A5001C73AF /* UIPageControl+Oh.swift */; };
		BE04A94A23307C32001C73AF /* UIProgressView+Oh.swift in Sources */ = {isa = PBXBuildFile; fileRef = BE04A94923307C32001C73AF /* UIProgressView+Oh.swift */; };
		BE04A95523311B3E001C73AF /* FoundationTests.swift in Sources */ = {isa = PBXBuildFile; fileRef = BE04A95423311B3E001C73AF /* FoundationTests.swift */; };
		BE2DDD392344AB3300623A91 /* TextSizeUtility.swift in Sources */ = {isa = PBXBuildFile; fileRef = BE2DDD382344AB3300623A91 /* TextSizeUtility.swift */; };
		BE44D2972321FC7E00F6D186 /* UIPickerView+Oh.swift in Sources */ = {isa = PBXBuildFile; fileRef = BE44D2962321FC7E00F6D186 /* UIPickerView+Oh.swift */; };
		BE44D2992322002A00F6D186 /* UITextView+Oh.swift in Sources */ = {isa = PBXBuildFile; fileRef = BE44D2982322002A00F6D186 /* UITextView+Oh.swift */; };
		BE44D29B2322021700F6D186 /* UINavigationController+Oh.swift in Sources */ = {isa = PBXBuildFile; fileRef = BE44D29A2322021700F6D186 /* UINavigationController+Oh.swift */; };
		BE51100B22F706AC00C3A847 /* UIButton+Oh.swift in Sources */ = {isa = PBXBuildFile; fileRef = BE51100A22F706AC00C3A847 /* UIButton+Oh.swift */; };
		BE51DCCB22F5F4810018110B /* SafeArea+iOS10+Ext.swift in Sources */ = {isa = PBXBuildFile; fileRef = BE51DCCA22F5F4810018110B /* SafeArea+iOS10+Ext.swift */; };
		BE51DCD422F600CB0018110B /* OhSwifter.framework in Frameworks */ = {isa = PBXBuildFile; fileRef = BE04550C22EDFAC000255267 /* OhSwifter.framework */; };
		BE51DCD522F600CB0018110B /* OhSwifter.framework in Embed Frameworks */ = {isa = PBXBuildFile; fileRef = BE04550C22EDFAC000255267 /* OhSwifter.framework */; settings = {ATTRIBUTES = (CodeSignOnCopy, RemoveHeadersOnCopy, ); }; };
		BE51DCDD22F6B1570018110B /* OhSwifter.swift in Sources */ = {isa = PBXBuildFile; fileRef = BE51DCDC22F6B1570018110B /* OhSwifter.swift */; };
		BE51DCDF22F6B3FD0018110B /* UILabel+Oh.swift in Sources */ = {isa = PBXBuildFile; fileRef = BE51DCDE22F6B3FD0018110B /* UILabel+Oh.swift */; };
		BE51DCE122F6BF000018110B /* UIView+Oh.swift in Sources */ = {isa = PBXBuildFile; fileRef = BE51DCE022F6BF000018110B /* UIView+Oh.swift */; };
		BE571E932317E227002C2539 /* OhSwifterTests.swift in Sources */ = {isa = PBXBuildFile; fileRef = BE571E922317E227002C2539 /* OhSwifterTests.swift */; };
		BE571E952317E227002C2539 /* OhSwifter.framework in Frameworks */ = {isa = PBXBuildFile; fileRef = BE04550C22EDFAC000255267 /* OhSwifter.framework */; };
		BE5B7B8D23555CF60007182F /* WKWebView+Oh.swift in Sources */ = {isa = PBXBuildFile; fileRef = BE5B7B8C23555CF60007182F /* WKWebView+Oh.swift */; };
		BE5B7B8F23555DFF0007182F /* WKWebViewConfiguration+Oh.swift in Sources */ = {isa = PBXBuildFile; fileRef = BE5B7B8E23555DFF0007182F /* WKWebViewConfiguration+Oh.swift */; };
		BE5B7B9123555FE00007182F /* WKPreferences+Oh.swift in Sources */ = {isa = PBXBuildFile; fileRef = BE5B7B9023555FE00007182F /* WKPreferences+Oh.swift */; };
		BE61F4602314370B002E643C /* UICollectionViewFlowLayout+Oh.swift in Sources */ = {isa = PBXBuildFile; fileRef = BE61F45F2314370B002E643C /* UICollectionViewFlowLayout+Oh.swift */; };
		BE6FD66722EF417C0003B6C6 /* AppDelegate.swift in Sources */ = {isa = PBXBuildFile; fileRef = BE6FD66622EF417C0003B6C6 /* AppDelegate.swift */; };
		BE6FD66922EF417C0003B6C6 /* ViewController.swift in Sources */ = {isa = PBXBuildFile; fileRef = BE6FD66822EF417C0003B6C6 /* ViewController.swift */; };
		BE6FD66C22EF417C0003B6C6 /* Main.storyboard in Resources */ = {isa = PBXBuildFile; fileRef = BE6FD66A22EF417C0003B6C6 /* Main.storyboard */; };
		BE6FD66E22EF417E0003B6C6 /* Assets.xcassets in Resources */ = {isa = PBXBuildFile; fileRef = BE6FD66D22EF417E0003B6C6 /* Assets.xcassets */; };
		BE6FD67122EF417E0003B6C6 /* LaunchScreen.storyboard in Resources */ = {isa = PBXBuildFile; fileRef = BE6FD66F22EF417E0003B6C6 /* LaunchScreen.storyboard */; };
		BE98505E22FB226E007D2A47 /* UINavigationBar+Oh.swift in Sources */ = {isa = PBXBuildFile; fileRef = BE98505D22FB226D007D2A47 /* UINavigationBar+Oh.swift */; };
		BE98506222FB242A007D2A47 /* UIScrollView+Oh.swift in Sources */ = {isa = PBXBuildFile; fileRef = BE98506122FB242A007D2A47 /* UIScrollView+Oh.swift */; };
		BE98506422FB2672007D2A47 /* UIStackView+Oh.swift in Sources */ = {isa = PBXBuildFile; fileRef = BE98506322FB2672007D2A47 /* UIStackView+Oh.swift */; };
		BE98506622FB26E6007D2A47 /* UITableView+Oh.swift in Sources */ = {isa = PBXBuildFile; fileRef = BE98506522FB26E6007D2A47 /* UITableView+Oh.swift */; };
		BEBB7DE422FDA65A00189C72 /* UIViewController+Oh.swift in Sources */ = {isa = PBXBuildFile; fileRef = BEBB7DE322FDA65A00189C72 /* UIViewController+Oh.swift */; };
		BEBB7DE822FDA97800189C72 /* UICollectionView+Oh.swift in Sources */ = {isa = PBXBuildFile; fileRef = BEBB7DE722FDA97800189C72 /* UICollectionView+Oh.swift */; };
		BEBB7DEA22FDAB8D00189C72 /* UIDatePicker+Oh.swift in Sources */ = {isa = PBXBuildFile; fileRef = BEBB7DE922FDAB8D00189C72 /* UIDatePicker+Oh.swift */; };
		BEBB7DF222FDB99300189C72 /* UITextField+Oh.swift in Sources */ = {isa = PBXBuildFile; fileRef = BEBB7DF122FDB99300189C72 /* UITextField+Oh.swift */; };
		BEC896CA22FEACD300363117 /* UISwitch+Oh.swift in Sources */ = {isa = PBXBuildFile; fileRef = BEC896C922FEACD300363117 /* UISwitch+Oh.swift */; };
/* End PBXBuildFile section */

/* Begin PBXContainerItemProxy section */
		BE51DCD622F600CB0018110B /* PBXContainerItemProxy */ = {
			isa = PBXContainerItemProxy;
			containerPortal = BE04550322EDFAC000255267 /* Project object */;
			proxyType = 1;
			remoteGlobalIDString = BE04550B22EDFAC000255267;
			remoteInfo = OhSwifter;
		};
		BE571E962317E227002C2539 /* PBXContainerItemProxy */ = {
			isa = PBXContainerItemProxy;
			containerPortal = BE04550322EDFAC000255267 /* Project object */;
			proxyType = 1;
			remoteGlobalIDString = BE04550B22EDFAC000255267;
			remoteInfo = OhSwifter;
		};
/* End PBXContainerItemProxy section */

/* Begin PBXCopyFilesBuildPhase section */
		BE51DCD822F600CB0018110B /* Embed Frameworks */ = {
			isa = PBXCopyFilesBuildPhase;
			buildActionMask = 2147483647;
			dstPath = "";
			dstSubfolderSpec = 10;
			files = (
				BE51DCD522F600CB0018110B /* OhSwifter.framework in Embed Frameworks */,
			);
			name = "Embed Frameworks";
			runOnlyForDeploymentPostprocessing = 0;
		};
/* End PBXCopyFilesBuildPhase section */

/* Begin PBXFileReference section */
		09D1685EBECA5DD4CE98F08D /* Pods_OhSwifter.framework */ = {isa = PBXFileReference; explicitFileType = wrapper.framework; includeInIndex = 0; path = Pods_OhSwifter.framework; sourceTree = BUILT_PRODUCTS_DIR; };
		4DF65CF426861156DEF51CD3 /* Pods_OhSwifter_OhSwifterTests.framework */ = {isa = PBXFileReference; explicitFileType = wrapper.framework; includeInIndex = 0; path = Pods_OhSwifter_OhSwifterTests.framework; sourceTree = BUILT_PRODUCTS_DIR; };
		68AFBC0CD63BEDAFA071F254 /* Pods-OhSwifter-OhSwifterTests.release.xcconfig */ = {isa = PBXFileReference; includeInIndex = 1; lastKnownFileType = text.xcconfig; name = "Pods-OhSwifter-OhSwifterTests.release.xcconfig"; path = "Target Support Files/Pods-OhSwifter-OhSwifterTests/Pods-OhSwifter-OhSwifterTests.release.xcconfig"; sourceTree = "<group>"; };
		9804C9B07C22AA8DE73D8014 /* Pods-OhSwifter-OhSwifterTests.debug.xcconfig */ = {isa = PBXFileReference; includeInIndex = 1; lastKnownFileType = text.xcconfig; name = "Pods-OhSwifter-OhSwifterTests.debug.xcconfig"; path = "Target Support Files/Pods-OhSwifter-OhSwifterTests/Pods-OhSwifter-OhSwifterTests.debug.xcconfig"; sourceTree = "<group>"; };
		9ECB97FB667AB5D8639BD7C0 /* Pods-OhSwifter.debug.xcconfig */ = {isa = PBXFileReference; includeInIndex = 1; lastKnownFileType = text.xcconfig; name = "Pods-OhSwifter.debug.xcconfig"; path = "Target Support Files/Pods-OhSwifter/Pods-OhSwifter.debug.xcconfig"; sourceTree = "<group>"; };
		BAED6D5E684F7970ACA46AA2 /* Pods-OhSwifter.release.xcconfig */ = {isa = PBXFileReference; includeInIndex = 1; lastKnownFileType = text.xcconfig; name = "Pods-OhSwifter.release.xcconfig"; path = "Target Support Files/Pods-OhSwifter/Pods-OhSwifter.release.xcconfig"; sourceTree = "<group>"; };
		BE04550C22EDFAC000255267 /* OhSwifter.framework */ = {isa = PBXFileReference; explicitFileType = wrapper.framework; includeInIndex = 0; path = OhSwifter.framework; sourceTree = BUILT_PRODUCTS_DIR; };
		BE04550F22EDFAC000255267 /* OhSwifter.h */ = {isa = PBXFileReference; lastKnownFileType = sourcecode.c.h; path = OhSwifter.h; sourceTree = "<group>"; };
		BE04551022EDFAC000255267 /* Info.plist */ = {isa = PBXFileReference; lastKnownFileType = text.plist.xml; path = Info.plist; sourceTree = "<group>"; };
		BE04A92F232CD1A5001C73AF /* UIPageControl+Oh.swift */ = {isa = PBXFileReference; lastKnownFileType = sourcecode.swift; path = "UIPageControl+Oh.swift"; sourceTree = "<group>"; };
		BE04A94923307C32001C73AF /* UIProgressView+Oh.swift */ = {isa = PBXFileReference; lastKnownFileType = sourcecode.swift; path = "UIProgressView+Oh.swift"; sourceTree = "<group>"; };
		BE04A95423311B3E001C73AF /* FoundationTests.swift */ = {isa = PBXFileReference; lastKnownFileType = sourcecode.swift; path = FoundationTests.swift; sourceTree = "<group>"; };
		BE2DDD382344AB3300623A91 /* TextSizeUtility.swift */ = {isa = PBXFileReference; lastKnownFileType = sourcecode.swift; path = TextSizeUtility.swift; sourceTree = "<group>"; };
		BE44D2962321FC7E00F6D186 /* UIPickerView+Oh.swift */ = {isa = PBXFileReference; lastKnownFileType = sourcecode.swift; path = "UIPickerView+Oh.swift"; sourceTree = "<group>"; };
		BE44D2982322002A00F6D186 /* UITextView+Oh.swift */ = {isa = PBXFileReference; lastKnownFileType = sourcecode.swift; path = "UITextView+Oh.swift"; sourceTree = "<group>"; };
		BE44D29A2322021700F6D186 /* UINavigationController+Oh.swift */ = {isa = PBXFileReference; lastKnownFileType = sourcecode.swift; path = "UINavigationController+Oh.swift"; sourceTree = "<group>"; };
		BE51100A22F706AC00C3A847 /* UIButton+Oh.swift */ = {isa = PBXFileReference; lastKnownFileType = sourcecode.swift; path = "UIButton+Oh.swift"; sourceTree = "<group>"; };
		BE51DCCA22F5F4810018110B /* SafeArea+iOS10+Ext.swift */ = {isa = PBXFileReference; lastKnownFileType = sourcecode.swift; path = "SafeArea+iOS10+Ext.swift"; sourceTree = "<group>"; };
		BE51DCDC22F6B1570018110B /* OhSwifter.swift */ = {isa = PBXFileReference; lastKnownFileType = sourcecode.swift; path = OhSwifter.swift; sourceTree = "<group>"; };
		BE51DCDE22F6B3FD0018110B /* UILabel+Oh.swift */ = {isa = PBXFileReference; lastKnownFileType = sourcecode.swift; path = "UILabel+Oh.swift"; sourceTree = "<group>"; };
		BE51DCE022F6BF000018110B /* UIView+Oh.swift */ = {isa = PBXFileReference; lastKnownFileType = sourcecode.swift; path = "UIView+Oh.swift"; sourceTree = "<group>"; };
		BE571E902317E227002C2539 /* OhSwifterTests.xctest */ = {isa = PBXFileReference; explicitFileType = wrapper.cfbundle; includeInIndex = 0; path = OhSwifterTests.xctest; sourceTree = BUILT_PRODUCTS_DIR; };
		BE571E922317E227002C2539 /* OhSwifterTests.swift */ = {isa = PBXFileReference; lastKnownFileType = sourcecode.swift; path = OhSwifterTests.swift; sourceTree = "<group>"; };
		BE571E942317E227002C2539 /* Info.plist */ = {isa = PBXFileReference; lastKnownFileType = text.plist.xml; path = Info.plist; sourceTree = "<group>"; };
		BE5B7B8C23555CF60007182F /* WKWebView+Oh.swift */ = {isa = PBXFileReference; lastKnownFileType = sourcecode.swift; path = "WKWebView+Oh.swift"; sourceTree = "<group>"; };
		BE5B7B8E23555DFF0007182F /* WKWebViewConfiguration+Oh.swift */ = {isa = PBXFileReference; lastKnownFileType = sourcecode.swift; path = "WKWebViewConfiguration+Oh.swift"; sourceTree = "<group>"; };
		BE5B7B9023555FE00007182F /* WKPreferences+Oh.swift */ = {isa = PBXFileReference; lastKnownFileType = sourcecode.swift; path = "WKPreferences+Oh.swift"; sourceTree = "<group>"; };
		BE61F45F2314370B002E643C /* UICollectionViewFlowLayout+Oh.swift */ = {isa = PBXFileReference; lastKnownFileType = sourcecode.swift; path = "UICollectionViewFlowLayout+Oh.swift"; sourceTree = "<group>"; };
		BE6FD66422EF417C0003B6C6 /* Example.app */ = {isa = PBXFileReference; explicitFileType = wrapper.application; includeInIndex = 0; path = Example.app; sourceTree = BUILT_PRODUCTS_DIR; };
		BE6FD66622EF417C0003B6C6 /* AppDelegate.swift */ = {isa = PBXFileReference; lastKnownFileType = sourcecode.swift; path = AppDelegate.swift; sourceTree = "<group>"; };
		BE6FD66822EF417C0003B6C6 /* ViewController.swift */ = {isa = PBXFileReference; lastKnownFileType = sourcecode.swift; path = ViewController.swift; sourceTree = "<group>"; };
		BE6FD66B22EF417C0003B6C6 /* Base */ = {isa = PBXFileReference; lastKnownFileType = file.storyboard; name = Base; path = Base.lproj/Main.storyboard; sourceTree = "<group>"; };
		BE6FD66D22EF417E0003B6C6 /* Assets.xcassets */ = {isa = PBXFileReference; lastKnownFileType = folder.assetcatalog; path = Assets.xcassets; sourceTree = "<group>"; };
		BE6FD67022EF417E0003B6C6 /* Base */ = {isa = PBXFileReference; lastKnownFileType = file.storyboard; name = Base; path = Base.lproj/LaunchScreen.storyboard; sourceTree = "<group>"; };
		BE6FD67222EF417E0003B6C6 /* Info.plist */ = {isa = PBXFileReference; lastKnownFileType = text.plist.xml; path = Info.plist; sourceTree = "<group>"; };
		BE98505D22FB226D007D2A47 /* UINavigationBar+Oh.swift */ = {isa = PBXFileReference; lastKnownFileType = sourcecode.swift; path = "UINavigationBar+Oh.swift"; sourceTree = "<group>"; };
		BE98506122FB242A007D2A47 /* UIScrollView+Oh.swift */ = {isa = PBXFileReference; lastKnownFileType = sourcecode.swift; path = "UIScrollView+Oh.swift"; sourceTree = "<group>"; };
		BE98506322FB2672007D2A47 /* UIStackView+Oh.swift */ = {isa = PBXFileReference; lastKnownFileType = sourcecode.swift; path = "UIStackView+Oh.swift"; sourceTree = "<group>"; };
		BE98506522FB26E6007D2A47 /* UITableView+Oh.swift */ = {isa = PBXFileReference; lastKnownFileType = sourcecode.swift; path = "UITableView+Oh.swift"; sourceTree = "<group>"; };
		BEBB7DE322FDA65A00189C72 /* UIViewController+Oh.swift */ = {isa = PBXFileReference; lastKnownFileType = sourcecode.swift; path = "UIViewController+Oh.swift"; sourceTree = "<group>"; };
		BEBB7DE722FDA97800189C72 /* UICollectionView+Oh.swift */ = {isa = PBXFileReference; lastKnownFileType = sourcecode.swift; path = "UICollectionView+Oh.swift"; sourceTree = "<group>"; };
		BEBB7DE922FDAB8D00189C72 /* UIDatePicker+Oh.swift */ = {isa = PBXFileReference; lastKnownFileType = sourcecode.swift; path = "UIDatePicker+Oh.swift"; sourceTree = "<group>"; };
		BEBB7DF122FDB99300189C72 /* UITextField+Oh.swift */ = {isa = PBXFileReference; lastKnownFileType = sourcecode.swift; path = "UITextField+Oh.swift"; sourceTree = "<group>"; };
		BEC896C922FEACD300363117 /* UISwitch+Oh.swift */ = {isa = PBXFileReference; lastKnownFileType = sourcecode.swift; path = "UISwitch+Oh.swift"; sourceTree = "<group>"; };
/* End PBXFileReference section */

/* Begin PBXFrameworksBuildPhase section */
		BE04550922EDFAC000255267 /* Frameworks */ = {
			isa = PBXFrameworksBuildPhase;
			buildActionMask = 2147483647;
			files = (
				6B448CFDF1F2AF249B9F0A5C /* Pods_OhSwifter.framework in Frameworks */,
			);
			runOnlyForDeploymentPostprocessing = 0;
		};
		BE571E8D2317E226002C2539 /* Frameworks */ = {
			isa = PBXFrameworksBuildPhase;
			buildActionMask = 2147483647;
			files = (
				BE571E952317E227002C2539 /* OhSwifter.framework in Frameworks */,
				413D7E6CC1AB5655323A12A8 /* Pods_OhSwifter_OhSwifterTests.framework in Frameworks */,
			);
			runOnlyForDeploymentPostprocessing = 0;
		};
		BE6FD66122EF417C0003B6C6 /* Frameworks */ = {
			isa = PBXFrameworksBuildPhase;
			buildActionMask = 2147483647;
			files = (
				BE51DCD422F600CB0018110B /* OhSwifter.framework in Frameworks */,
			);
			runOnlyForDeploymentPostprocessing = 0;
		};
/* End PBXFrameworksBuildPhase section */

/* Begin PBXGroup section */
		070E4398D43F3C32E741819C /* Frameworks */ = {
			isa = PBXGroup;
			children = (
				09D1685EBECA5DD4CE98F08D /* Pods_OhSwifter.framework */,
				4DF65CF426861156DEF51CD3 /* Pods_OhSwifter_OhSwifterTests.framework */,
			);
			name = Frameworks;
			sourceTree = "<group>";
		};
		6FDEB95498AB178A1D6EFEFB /* Pods */ = {
			isa = PBXGroup;
			children = (
				9ECB97FB667AB5D8639BD7C0 /* Pods-OhSwifter.debug.xcconfig */,
				BAED6D5E684F7970ACA46AA2 /* Pods-OhSwifter.release.xcconfig */,
				9804C9B07C22AA8DE73D8014 /* Pods-OhSwifter-OhSwifterTests.debug.xcconfig */,
				68AFBC0CD63BEDAFA071F254 /* Pods-OhSwifter-OhSwifterTests.release.xcconfig */,
			);
			path = Pods;
			sourceTree = "<group>";
		};
		BE04550222EDFAC000255267 = {
			isa = PBXGroup;
			children = (
				BE6FD66522EF417C0003B6C6 /* Example */,
				BE04550E22EDFAC000255267 /* OhSwifter */,
				BE571E912317E227002C2539 /* OhSwifterTests */,
				BE04550D22EDFAC000255267 /* Products */,
				6FDEB95498AB178A1D6EFEFB /* Pods */,
				070E4398D43F3C32E741819C /* Frameworks */,
			);
			sourceTree = "<group>";
		};
		BE04550D22EDFAC000255267 /* Products */ = {
			isa = PBXGroup;
			children = (
				BE04550C22EDFAC000255267 /* OhSwifter.framework */,
				BE6FD66422EF417C0003B6C6 /* Example.app */,
				BE571E902317E227002C2539 /* OhSwifterTests.xctest */,
			);
			name = Products;
			sourceTree = "<group>";
		};
		BE04550E22EDFAC000255267 /* OhSwifter */ = {
			isa = PBXGroup;
			children = (
				BE2DDD372344AB1C00623A91 /* Utility */,
				BE51DCDB22F6B10B0018110B /* OhConfigurator */,
				BE51DCC922F5F33A0018110B /* SnapKit+Ext */,
				BE04550F22EDFAC000255267 /* OhSwifter.h */,
				BE04551022EDFAC000255267 /* Info.plist */,
			);
			path = OhSwifter;
			sourceTree = "<group>";
		};
		BE2DDD372344AB1C00623A91 /* Utility */ = {
			isa = PBXGroup;
			children = (
				BE2DDD382344AB3300623A91 /* TextSizeUtility.swift */,
			);
			path = Utility;
			sourceTree = "<group>";
		};
		BE51DCC922F5F33A0018110B /* SnapKit+Ext */ = {
			isa = PBXGroup;
			children = (
				BE51DCCA22F5F4810018110B /* SafeArea+iOS10+Ext.swift */,
			);
			path = "SnapKit+Ext";
			sourceTree = "<group>";
		};
		BE51DCDB22F6B10B0018110B /* OhConfigurator */ = {
			isa = PBXGroup;
			children = (
				BE51DCDC22F6B1570018110B /* OhSwifter.swift */,
				BE51DCE022F6BF000018110B /* UIView+Oh.swift */,
				BE51DCDE22F6B3FD0018110B /* UILabel+Oh.swift */,
				BE51100A22F706AC00C3A847 /* UIButton+Oh.swift */,
				BEBB7DF122FDB99300189C72 /* UITextField+Oh.swift */,
				BEBB7DE322FDA65A00189C72 /* UIViewController+Oh.swift */,
				BE44D29A2322021700F6D186 /* UINavigationController+Oh.swift */,
				BE98505D22FB226D007D2A47 /* UINavigationBar+Oh.swift */,
				BE98506122FB242A007D2A47 /* UIScrollView+Oh.swift */,
				BE98506522FB26E6007D2A47 /* UITableView+Oh.swift */,
				BEBB7DE722FDA97800189C72 /* UICollectionView+Oh.swift */,
				BE61F45F2314370B002E643C /* UICollectionViewFlowLayout+Oh.swift */,
				BE98506322FB2672007D2A47 /* UIStackView+Oh.swift */,
				BEBB7DE922FDAB8D00189C72 /* UIDatePicker+Oh.swift */,
				BE44D2962321FC7E00F6D186 /* UIPickerView+Oh.swift */,
				BEC896C922FEACD300363117 /* UISwitch+Oh.swift */,
				BE44D2982322002A00F6D186 /* UITextView+Oh.swift */,
				BE04A92F232CD1A5001C73AF /* UIPageControl+Oh.swift */,
				BE04A94923307C32001C73AF /* UIProgressView+Oh.swift */,
				BE5B7B9023555FE00007182F /* WKPreferences+Oh.swift */,
				BE5B7B8E23555DFF0007182F /* WKWebViewConfiguration+Oh.swift */,
				BE5B7B8C23555CF60007182F /* WKWebView+Oh.swift */,
			);
			path = OhConfigurator;
			sourceTree = "<group>";
		};
		BE571E912317E227002C2539 /* OhSwifterTests */ = {
			isa = PBXGroup;
			children = (
				BE571E922317E227002C2539 /* OhSwifterTests.swift */,
				BE04A95423311B3E001C73AF /* FoundationTests.swift */,
				BE571E942317E227002C2539 /* Info.plist */,
			);
			path = OhSwifterTests;
			sourceTree = "<group>";
		};
		BE6FD66522EF417C0003B6C6 /* Example */ = {
			isa = PBXGroup;
			children = (
				BE6FD66622EF417C0003B6C6 /* AppDelegate.swift */,
				BE6FD66822EF417C0003B6C6 /* ViewController.swift */,
				BE6FD66A22EF417C0003B6C6 /* Main.storyboard */,
				BE6FD66D22EF417E0003B6C6 /* Assets.xcassets */,
				BE6FD66F22EF417E0003B6C6 /* LaunchScreen.storyboard */,
				BE6FD67222EF417E0003B6C6 /* Info.plist */,
			);
			path = Example;
			sourceTree = "<group>";
		};
/* End PBXGroup section */

/* Begin PBXHeadersBuildPhase section */
		BE04550722EDFAC000255267 /* Headers */ = {
			isa = PBXHeadersBuildPhase;
			buildActionMask = 2147483647;
			files = (
				BE04551122EDFAC000255267 /* OhSwifter.h in Headers */,
			);
			runOnlyForDeploymentPostprocessing = 0;
		};
/* End PBXHeadersBuildPhase section */

/* Begin PBXNativeTarget section */
		BE04550B22EDFAC000255267 /* OhSwifter */ = {
			isa = PBXNativeTarget;
			buildConfigurationList = BE04551422EDFAC000255267 /* Build configuration list for PBXNativeTarget "OhSwifter" */;
			buildPhases = (
				AD15191A0E743AC49EA61CB4 /* [CP] Check Pods Manifest.lock */,
				BE04550722EDFAC000255267 /* Headers */,
				BE04550822EDFAC000255267 /* Sources */,
				BE04550922EDFAC000255267 /* Frameworks */,
				BE04550A22EDFAC000255267 /* Resources */,
			);
			buildRules = (
			);
			dependencies = (
			);
			name = OhSwifter;
			productName = OhSwifter;
			productReference = BE04550C22EDFAC000255267 /* OhSwifter.framework */;
			productType = "com.apple.product-type.framework";
		};
		BE571E8F2317E226002C2539 /* OhSwifterTests */ = {
			isa = PBXNativeTarget;
			buildConfigurationList = BE571E982317E227002C2539 /* Build configuration list for PBXNativeTarget "OhSwifterTests" */;
			buildPhases = (
				0CE86143E7A2FD05982DEB3E /* [CP] Check Pods Manifest.lock */,
				BE571E8C2317E226002C2539 /* Sources */,
				BE571E8D2317E226002C2539 /* Frameworks */,
				BE571E8E2317E226002C2539 /* Resources */,
				B2A4D42138BA30C216D954D9 /* [CP] Embed Pods Frameworks */,
			);
			buildRules = (
			);
			dependencies = (
				BE571E972317E227002C2539 /* PBXTargetDependency */,
			);
			name = OhSwifterTests;
			productName = OhSwifterTests;
			productReference = BE571E902317E227002C2539 /* OhSwifterTests.xctest */;
			productType = "com.apple.product-type.bundle.unit-test";
		};
		BE6FD66322EF417C0003B6C6 /* Example */ = {
			isa = PBXNativeTarget;
			buildConfigurationList = BE6FD67522EF417E0003B6C6 /* Build configuration list for PBXNativeTarget "Example" */;
			buildPhases = (
				BE6FD66022EF417C0003B6C6 /* Sources */,
				BE6FD66122EF417C0003B6C6 /* Frameworks */,
				BE6FD66222EF417C0003B6C6 /* Resources */,
				BE51DCD822F600CB0018110B /* Embed Frameworks */,
			);
			buildRules = (
			);
			dependencies = (
				BE51DCD722F600CB0018110B /* PBXTargetDependency */,
			);
			name = Example;
			productName = Example;
			productReference = BE6FD66422EF417C0003B6C6 /* Example.app */;
			productType = "com.apple.product-type.application";
		};
/* End PBXNativeTarget section */

/* Begin PBXProject section */
		BE04550322EDFAC000255267 /* Project object */ = {
			isa = PBXProject;
			attributes = {
				LastSwiftUpdateCheck = 1030;
				LastUpgradeCheck = 1030;
				ORGANIZATIONNAME = ohlulu;
				TargetAttributes = {
					BE04550B22EDFAC000255267 = {
						CreatedOnToolsVersion = 10.3;
					};
					BE571E8F2317E226002C2539 = {
						CreatedOnToolsVersion = 10.3;
					};
					BE6FD66322EF417C0003B6C6 = {
						CreatedOnToolsVersion = 10.3;
					};
				};
			};
			buildConfigurationList = BE04550622EDFAC000255267 /* Build configuration list for PBXProject "OhSwifter" */;
			compatibilityVersion = "Xcode 9.3";
			developmentRegion = en;
			hasScannedForEncodings = 0;
			knownRegions = (
				en,
				Base,
			);
			mainGroup = BE04550222EDFAC000255267;
			productRefGroup = BE04550D22EDFAC000255267 /* Products */;
			projectDirPath = "";
			projectRoot = "";
			targets = (
				BE04550B22EDFAC000255267 /* OhSwifter */,
				BE6FD66322EF417C0003B6C6 /* Example */,
				BE571E8F2317E226002C2539 /* OhSwifterTests */,
			);
		};
/* End PBXProject section */

/* Begin PBXResourcesBuildPhase section */
		BE04550A22EDFAC000255267 /* Resources */ = {
			isa = PBXResourcesBuildPhase;
			buildActionMask = 2147483647;
			files = (
			);
			runOnlyForDeploymentPostprocessing = 0;
		};
		BE571E8E2317E226002C2539 /* Resources */ = {
			isa = PBXResourcesBuildPhase;
			buildActionMask = 2147483647;
			files = (
			);
			runOnlyForDeploymentPostprocessing = 0;
		};
		BE6FD66222EF417C0003B6C6 /* Resources */ = {
			isa = PBXResourcesBuildPhase;
			buildActionMask = 2147483647;
			files = (
				BE6FD67122EF417E0003B6C6 /* LaunchScreen.storyboard in Resources */,
				BE6FD66E22EF417E0003B6C6 /* Assets.xcassets in Resources */,
				BE6FD66C22EF417C0003B6C6 /* Main.storyboard in Resources */,
			);
			runOnlyForDeploymentPostprocessing = 0;
		};
/* End PBXResourcesBuildPhase section */

/* Begin PBXShellScriptBuildPhase section */
		0CE86143E7A2FD05982DEB3E /* [CP] Check Pods Manifest.lock */ = {
			isa = PBXShellScriptBuildPhase;
			buildActionMask = 2147483647;
			files = (
			);
			inputFileListPaths = (
			);
			inputPaths = (
				"${PODS_PODFILE_DIR_PATH}/Podfile.lock",
				"${PODS_ROOT}/Manifest.lock",
			);
			name = "[CP] Check Pods Manifest.lock";
			outputFileListPaths = (
			);
			outputPaths = (
				"$(DERIVED_FILE_DIR)/Pods-OhSwifter-OhSwifterTests-checkManifestLockResult.txt",
			);
			runOnlyForDeploymentPostprocessing = 0;
			shellPath = /bin/sh;
			shellScript = "diff \"${PODS_PODFILE_DIR_PATH}/Podfile.lock\" \"${PODS_ROOT}/Manifest.lock\" > /dev/null\nif [ $? != 0 ] ; then\n    # print error to STDERR\n    echo \"error: The sandbox is not in sync with the Podfile.lock. Run 'pod install' or update your CocoaPods installation.\" >&2\n    exit 1\nfi\n# This output is used by Xcode 'outputs' to avoid re-running this script phase.\necho \"SUCCESS\" > \"${SCRIPT_OUTPUT_FILE_0}\"\n";
			showEnvVarsInLog = 0;
		};
		AD15191A0E743AC49EA61CB4 /* [CP] Check Pods Manifest.lock */ = {
			isa = PBXShellScriptBuildPhase;
			buildActionMask = 2147483647;
			files = (
			);
			inputFileListPaths = (
			);
			inputPaths = (
				"${PODS_PODFILE_DIR_PATH}/Podfile.lock",
				"${PODS_ROOT}/Manifest.lock",
			);
			name = "[CP] Check Pods Manifest.lock";
			outputFileListPaths = (
			);
			outputPaths = (
				"$(DERIVED_FILE_DIR)/Pods-OhSwifter-checkManifestLockResult.txt",
			);
			runOnlyForDeploymentPostprocessing = 0;
			shellPath = /bin/sh;
			shellScript = "diff \"${PODS_PODFILE_DIR_PATH}/Podfile.lock\" \"${PODS_ROOT}/Manifest.lock\" > /dev/null\nif [ $? != 0 ] ; then\n    # print error to STDERR\n    echo \"error: The sandbox is not in sync with the Podfile.lock. Run 'pod install' or update your CocoaPods installation.\" >&2\n    exit 1\nfi\n# This output is used by Xcode 'outputs' to avoid re-running this script phase.\necho \"SUCCESS\" > \"${SCRIPT_OUTPUT_FILE_0}\"\n";
			showEnvVarsInLog = 0;
		};
		B2A4D42138BA30C216D954D9 /* [CP] Embed Pods Frameworks */ = {
			isa = PBXShellScriptBuildPhase;
			buildActionMask = 2147483647;
			files = (
			);
			inputFileListPaths = (
				"${PODS_ROOT}/Target Support Files/Pods-OhSwifter-OhSwifterTests/Pods-OhSwifter-OhSwifterTests-frameworks-${CONFIGURATION}-input-files.xcfilelist",
			);
			name = "[CP] Embed Pods Frameworks";
			outputFileListPaths = (
				"${PODS_ROOT}/Target Support Files/Pods-OhSwifter-OhSwifterTests/Pods-OhSwifter-OhSwifterTests-frameworks-${CONFIGURATION}-output-files.xcfilelist",
			);
			runOnlyForDeploymentPostprocessing = 0;
			shellPath = /bin/sh;
			shellScript = "\"${PODS_ROOT}/Target Support Files/Pods-OhSwifter-OhSwifterTests/Pods-OhSwifter-OhSwifterTests-frameworks.sh\"\n";
			showEnvVarsInLog = 0;
		};
/* End PBXShellScriptBuildPhase section */

/* Begin PBXSourcesBuildPhase section */
		BE04550822EDFAC000255267 /* Sources */ = {
			isa = PBXSourcesBuildPhase;
			buildActionMask = 2147483647;
			files = (
				BE51DCDF22F6B3FD0018110B /* UILabel+Oh.swift in Sources */,
				BE98506222FB242A007D2A47 /* UIScrollView+Oh.swift in Sources */,
				BE61F4602314370B002E643C /* UICollectionViewFlowLayout+Oh.swift in Sources */,
				BE98505E22FB226E007D2A47 /* UINavigationBar+Oh.swift in Sources */,
				BE5B7B8D23555CF60007182F /* WKWebView+Oh.swift in Sources */,
				BEBB7DF222FDB99300189C72 /* UITextField+Oh.swift in Sources */,
				BEBB7DEA22FDAB8D00189C72 /* UIDatePicker+Oh.swift in Sources */,
				BE51DCE122F6BF000018110B /* UIView+Oh.swift in Sources */,
				BE5B7B9123555FE00007182F /* WKPreferences+Oh.swift in Sources */,
				BE44D2992322002A00F6D186 /* UITextView+Oh.swift in Sources */,
				BE51100B22F706AC00C3A847 /* UIButton+Oh.swift in Sources */,
				BE5B7B8F23555DFF0007182F /* WKWebViewConfiguration+Oh.swift in Sources */,
				BE98506622FB26E6007D2A47 /* UITableView+Oh.swift in Sources */,
				BE04A930232CD1A5001C73AF /* UIPageControl+Oh.swift in Sources */,
				BE04A94A23307C32001C73AF /* UIProgressView+Oh.swift in Sources */,
				BEBB7DE822FDA97800189C72 /* UICollectionView+Oh.swift in Sources */,
				BEBB7DE422FDA65A00189C72 /* UIViewController+Oh.swift in Sources */,
				BE44D2972321FC7E00F6D186 /* UIPickerView+Oh.swift in Sources */,
				BE98506422FB2672007D2A47 /* UIStackView+Oh.swift in Sources */,
				BE44D29B2322021700F6D186 /* UINavigationController+Oh.swift in Sources */,
				BE51DCDD22F6B1570018110B /* OhSwifter.swift in Sources */,
				BE2DDD392344AB3300623A91 /* TextSizeUtility.swift in Sources */,
				BE51DCCB22F5F4810018110B /* SafeArea+iOS10+Ext.swift in Sources */,
				BEC896CA22FEACD300363117 /* UISwitch+Oh.swift in Sources */,
			);
			runOnlyForDeploymentPostprocessing = 0;
		};
		BE571E8C2317E226002C2539 /* Sources */ = {
			isa = PBXSourcesBuildPhase;
			buildActionMask = 2147483647;
			files = (
				BE571E932317E227002C2539 /* OhSwifterTests.swift in Sources */,
				BE04A95523311B3E001C73AF /* FoundationTests.swift in Sources */,
			);
			runOnlyForDeploymentPostprocessing = 0;
		};
		BE6FD66022EF417C0003B6C6 /* Sources */ = {
			isa = PBXSourcesBuildPhase;
			buildActionMask = 2147483647;
			files = (
				BE6FD66922EF417C0003B6C6 /* ViewController.swift in Sources */,
				BE6FD66722EF417C0003B6C6 /* AppDelegate.swift in Sources */,
			);
			runOnlyForDeploymentPostprocessing = 0;
		};
/* End PBXSourcesBuildPhase section */

/* Begin PBXTargetDependency section */
		BE51DCD722F600CB0018110B /* PBXTargetDependency */ = {
			isa = PBXTargetDependency;
			target = BE04550B22EDFAC000255267 /* OhSwifter */;
			targetProxy = BE51DCD622F600CB0018110B /* PBXContainerItemProxy */;
		};
		BE571E972317E227002C2539 /* PBXTargetDependency */ = {
			isa = PBXTargetDependency;
			target = BE04550B22EDFAC000255267 /* OhSwifter */;
			targetProxy = BE571E962317E227002C2539 /* PBXContainerItemProxy */;
		};
/* End PBXTargetDependency section */

/* Begin PBXVariantGroup section */
		BE6FD66A22EF417C0003B6C6 /* Main.storyboard */ = {
			isa = PBXVariantGroup;
			children = (
				BE6FD66B22EF417C0003B6C6 /* Base */,
			);
			name = Main.storyboard;
			sourceTree = "<group>";
		};
		BE6FD66F22EF417E0003B6C6 /* LaunchScreen.storyboard */ = {
			isa = PBXVariantGroup;
			children = (
				BE6FD67022EF417E0003B6C6 /* Base */,
			);
			name = LaunchScreen.storyboard;
			sourceTree = "<group>";
		};
/* End PBXVariantGroup section */

/* Begin XCBuildConfiguration section */
		BE04551222EDFAC000255267 /* Debug */ = {
			isa = XCBuildConfiguration;
			buildSettings = {
				ALWAYS_SEARCH_USER_PATHS = NO;
				CLANG_ANALYZER_NONNULL = YES;
				CLANG_ANALYZER_NUMBER_OBJECT_CONVERSION = YES_AGGRESSIVE;
				CLANG_CXX_LANGUAGE_STANDARD = "gnu++14";
				CLANG_CXX_LIBRARY = "libc++";
				CLANG_ENABLE_MODULES = YES;
				CLANG_ENABLE_OBJC_ARC = YES;
				CLANG_ENABLE_OBJC_WEAK = YES;
				CLANG_WARN_BLOCK_CAPTURE_AUTORELEASING = YES;
				CLANG_WARN_BOOL_CONVERSION = YES;
				CLANG_WARN_COMMA = YES;
				CLANG_WARN_CONSTANT_CONVERSION = YES;
				CLANG_WARN_DEPRECATED_OBJC_IMPLEMENTATIONS = YES;
				CLANG_WARN_DIRECT_OBJC_ISA_USAGE = YES_ERROR;
				CLANG_WARN_DOCUMENTATION_COMMENTS = YES;
				CLANG_WARN_EMPTY_BODY = YES;
				CLANG_WARN_ENUM_CONVERSION = YES;
				CLANG_WARN_INFINITE_RECURSION = YES;
				CLANG_WARN_INT_CONVERSION = YES;
				CLANG_WARN_NON_LITERAL_NULL_CONVERSION = YES;
				CLANG_WARN_OBJC_IMPLICIT_RETAIN_SELF = YES;
				CLANG_WARN_OBJC_LITERAL_CONVERSION = YES;
				CLANG_WARN_OBJC_ROOT_CLASS = YES_ERROR;
				CLANG_WARN_RANGE_LOOP_ANALYSIS = YES;
				CLANG_WARN_STRICT_PROTOTYPES = YES;
				CLANG_WARN_SUSPICIOUS_MOVE = YES;
				CLANG_WARN_UNGUARDED_AVAILABILITY = YES_AGGRESSIVE;
				CLANG_WARN_UNREACHABLE_CODE = YES;
				CLANG_WARN__DUPLICATE_METHOD_MATCH = YES;
				CODE_SIGN_IDENTITY = "iPhone Developer";
				COPY_PHASE_STRIP = NO;
				CURRENT_PROJECT_VERSION = 1;
				DEBUG_INFORMATION_FORMAT = dwarf;
				ENABLE_STRICT_OBJC_MSGSEND = YES;
				ENABLE_TESTABILITY = YES;
				GCC_C_LANGUAGE_STANDARD = gnu11;
				GCC_DYNAMIC_NO_PIC = NO;
				GCC_NO_COMMON_BLOCKS = YES;
				GCC_OPTIMIZATION_LEVEL = 0;
				GCC_PREPROCESSOR_DEFINITIONS = (
					"DEBUG=1",
					"$(inherited)",
				);
				GCC_WARN_64_TO_32_BIT_CONVERSION = YES;
				GCC_WARN_ABOUT_RETURN_TYPE = YES_ERROR;
				GCC_WARN_UNDECLARED_SELECTOR = YES;
				GCC_WARN_UNINITIALIZED_AUTOS = YES_AGGRESSIVE;
				GCC_WARN_UNUSED_FUNCTION = YES;
				GCC_WARN_UNUSED_VARIABLE = YES;
				IPHONEOS_DEPLOYMENT_TARGET = 12.4;
				MTL_ENABLE_DEBUG_INFO = INCLUDE_SOURCE;
				MTL_FAST_MATH = YES;
				ONLY_ACTIVE_ARCH = YES;
				SDKROOT = iphoneos;
				SWIFT_ACTIVE_COMPILATION_CONDITIONS = DEBUG;
				SWIFT_OPTIMIZATION_LEVEL = "-Onone";
				VERSIONING_SYSTEM = "apple-generic";
				VERSION_INFO_PREFIX = "";
			};
			name = Debug;
		};
		BE04551322EDFAC000255267 /* Release */ = {
			isa = XCBuildConfiguration;
			buildSettings = {
				ALWAYS_SEARCH_USER_PATHS = NO;
				CLANG_ANALYZER_NONNULL = YES;
				CLANG_ANALYZER_NUMBER_OBJECT_CONVERSION = YES_AGGRESSIVE;
				CLANG_CXX_LANGUAGE_STANDARD = "gnu++14";
				CLANG_CXX_LIBRARY = "libc++";
				CLANG_ENABLE_MODULES = YES;
				CLANG_ENABLE_OBJC_ARC = YES;
				CLANG_ENABLE_OBJC_WEAK = YES;
				CLANG_WARN_BLOCK_CAPTURE_AUTORELEASING = YES;
				CLANG_WARN_BOOL_CONVERSION = YES;
				CLANG_WARN_COMMA = YES;
				CLANG_WARN_CONSTANT_CONVERSION = YES;
				CLANG_WARN_DEPRECATED_OBJC_IMPLEMENTATIONS = YES;
				CLANG_WARN_DIRECT_OBJC_ISA_USAGE = YES_ERROR;
				CLANG_WARN_DOCUMENTATION_COMMENTS = YES;
				CLANG_WARN_EMPTY_BODY = YES;
				CLANG_WARN_ENUM_CONVERSION = YES;
				CLANG_WARN_INFINITE_RECURSION = YES;
				CLANG_WARN_INT_CONVERSION = YES;
				CLANG_WARN_NON_LITERAL_NULL_CONVERSION = YES;
				CLANG_WARN_OBJC_IMPLICIT_RETAIN_SELF = YES;
				CLANG_WARN_OBJC_LITERAL_CONVERSION = YES;
				CLANG_WARN_OBJC_ROOT_CLASS = YES_ERROR;
				CLANG_WARN_RANGE_LOOP_ANALYSIS = YES;
				CLANG_WARN_STRICT_PROTOTYPES = YES;
				CLANG_WARN_SUSPICIOUS_MOVE = YES;
				CLANG_WARN_UNGUARDED_AVAILABILITY = YES_AGGRESSIVE;
				CLANG_WARN_UNREACHABLE_CODE = YES;
				CLANG_WARN__DUPLICATE_METHOD_MATCH = YES;
				CODE_SIGN_IDENTITY = "iPhone Developer";
				COPY_PHASE_STRIP = NO;
				CURRENT_PROJECT_VERSION = 1;
				DEBUG_INFORMATION_FORMAT = "dwarf-with-dsym";
				ENABLE_NS_ASSERTIONS = NO;
				ENABLE_STRICT_OBJC_MSGSEND = YES;
				GCC_C_LANGUAGE_STANDARD = gnu11;
				GCC_NO_COMMON_BLOCKS = YES;
				GCC_WARN_64_TO_32_BIT_CONVERSION = YES;
				GCC_WARN_ABOUT_RETURN_TYPE = YES_ERROR;
				GCC_WARN_UNDECLARED_SELECTOR = YES;
				GCC_WARN_UNINITIALIZED_AUTOS = YES_AGGRESSIVE;
				GCC_WARN_UNUSED_FUNCTION = YES;
				GCC_WARN_UNUSED_VARIABLE = YES;
				IPHONEOS_DEPLOYMENT_TARGET = 12.4;
				MTL_ENABLE_DEBUG_INFO = NO;
				MTL_FAST_MATH = YES;
				SDKROOT = iphoneos;
				SWIFT_COMPILATION_MODE = wholemodule;
				SWIFT_OPTIMIZATION_LEVEL = "-O";
				VALIDATE_PRODUCT = YES;
				VERSIONING_SYSTEM = "apple-generic";
				VERSION_INFO_PREFIX = "";
			};
			name = Release;
		};
		BE04551522EDFAC000255267 /* Debug */ = {
			isa = XCBuildConfiguration;
			baseConfigurationReference = 9ECB97FB667AB5D8639BD7C0 /* Pods-OhSwifter.debug.xcconfig */;
			buildSettings = {
				CODE_SIGN_IDENTITY = "";
				CODE_SIGN_STYLE = Automatic;
				DEFINES_MODULE = YES;
				DEVELOPMENT_TEAM = TSTQSY2TJN;
				DYLIB_COMPATIBILITY_VERSION = 1;
				DYLIB_CURRENT_VERSION = 1;
				DYLIB_INSTALL_NAME_BASE = "@rpath";
				INFOPLIST_FILE = OhSwifter/Info.plist;
				INSTALL_PATH = "$(LOCAL_LIBRARY_DIR)/Frameworks";
				IPHONEOS_DEPLOYMENT_TARGET = 10;
				LD_RUNPATH_SEARCH_PATHS = (
					"$(inherited)",
					"@executable_path/Frameworks",
					"@loader_path/Frameworks",
				);
				MARKETING_VERSION = 0.5.13;
				PRODUCT_BUNDLE_IDENTIFIER = tw.ohlulu.OhSwifter;
				PRODUCT_NAME = "$(TARGET_NAME:c99extidentifier)";
				SKIP_INSTALL = YES;
				SWIFT_VERSION = 5.0;
				TARGETED_DEVICE_FAMILY = "1,2";
			};
			name = Debug;
		};
		BE04551622EDFAC000255267 /* Release */ = {
			isa = XCBuildConfiguration;
			baseConfigurationReference = BAED6D5E684F7970ACA46AA2 /* Pods-OhSwifter.release.xcconfig */;
			buildSettings = {
				CODE_SIGN_IDENTITY = "";
				CODE_SIGN_STYLE = Automatic;
				DEFINES_MODULE = YES;
				DEVELOPMENT_TEAM = TSTQSY2TJN;
				DYLIB_COMPATIBILITY_VERSION = 1;
				DYLIB_CURRENT_VERSION = 1;
				DYLIB_INSTALL_NAME_BASE = "@rpath";
				INFOPLIST_FILE = OhSwifter/Info.plist;
				INSTALL_PATH = "$(LOCAL_LIBRARY_DIR)/Frameworks";
				IPHONEOS_DEPLOYMENT_TARGET = 10;
				LD_RUNPATH_SEARCH_PATHS = (
					"$(inherited)",
					"@executable_path/Frameworks",
					"@loader_path/Frameworks",
				);
				MARKETING_VERSION = 0.5.13;
				PRODUCT_BUNDLE_IDENTIFIER = tw.ohlulu.OhSwifter;
				PRODUCT_NAME = "$(TARGET_NAME:c99extidentifier)";
				SKIP_INSTALL = YES;
				SWIFT_VERSION = 5.0;
				TARGETED_DEVICE_FAMILY = "1,2";
			};
			name = Release;
		};
		BE571E992317E227002C2539 /* Debug */ = {
			isa = XCBuildConfiguration;
			baseConfigurationReference = 9804C9B07C22AA8DE73D8014 /* Pods-OhSwifter-OhSwifterTests.debug.xcconfig */;
			buildSettings = {
				CODE_SIGN_STYLE = Automatic;
				DEVELOPMENT_TEAM = TSTQSY2TJN;
				INFOPLIST_FILE = OhSwifterTests/Info.plist;
				IPHONEOS_DEPLOYMENT_TARGET = 10.0;
				LD_RUNPATH_SEARCH_PATHS = (
					"$(inherited)",
					"@executable_path/Frameworks",
					"@loader_path/Frameworks",
				);
				PRODUCT_BUNDLE_IDENTIFIER = com.ohlulu.OhSwifterTests;
				PRODUCT_NAME = "$(TARGET_NAME)";
				SWIFT_VERSION = 5.0;
				TARGETED_DEVICE_FAMILY = "1,2";
			};
			name = Debug;
		};
		BE571E9A2317E227002C2539 /* Release */ = {
			isa = XCBuildConfiguration;
			baseConfigurationReference = 68AFBC0CD63BEDAFA071F254 /* Pods-OhSwifter-OhSwifterTests.release.xcconfig */;
			buildSettings = {
				CODE_SIGN_STYLE = Automatic;
				DEVELOPMENT_TEAM = TSTQSY2TJN;
				INFOPLIST_FILE = OhSwifterTests/Info.plist;
				IPHONEOS_DEPLOYMENT_TARGET = 10.0;
				LD_RUNPATH_SEARCH_PATHS = (
					"$(inherited)",
					"@executable_path/Frameworks",
					"@loader_path/Frameworks",
				);
				PRODUCT_BUNDLE_IDENTIFIER = com.ohlulu.OhSwifterTests;
				PRODUCT_NAME = "$(TARGET_NAME)";
				SWIFT_VERSION = 5.0;
				TARGETED_DEVICE_FAMILY = "1,2";
			};
			name = Release;
		};
		BE6FD67322EF417E0003B6C6 /* Debug */ = {
			isa = XCBuildConfiguration;
			buildSettings = {
				ALWAYS_EMBED_SWIFT_STANDARD_LIBRARIES = YES;
				ASSETCATALOG_COMPILER_APPICON_NAME = AppIcon;
				CODE_SIGN_STYLE = Automatic;
				DEVELOPMENT_TEAM = TSTQSY2TJN;
				INFOPLIST_FILE = Example/Info.plist;
				IPHONEOS_DEPLOYMENT_TARGET = 10;
				LD_RUNPATH_SEARCH_PATHS = (
					"$(inherited)",
					"@executable_path/Frameworks",
				);
				PRODUCT_BUNDLE_IDENTIFIER = tw.ohlulu.Example;
				PRODUCT_NAME = "$(TARGET_NAME)";
				SWIFT_VERSION = 5.0;
				TARGETED_DEVICE_FAMILY = "1,2";
			};
			name = Debug;
		};
		BE6FD67422EF417E0003B6C6 /* Release */ = {
			isa = XCBuildConfiguration;
			buildSettings = {
				ALWAYS_EMBED_SWIFT_STANDARD_LIBRARIES = YES;
				ASSETCATALOG_COMPILER_APPICON_NAME = AppIcon;
				CODE_SIGN_STYLE = Automatic;
				DEVELOPMENT_TEAM = TSTQSY2TJN;
				INFOPLIST_FILE = Example/Info.plist;
				IPHONEOS_DEPLOYMENT_TARGET = 10;
				LD_RUNPATH_SEARCH_PATHS = (
					"$(inherited)",
					"@executable_path/Frameworks",
				);
				PRODUCT_BUNDLE_IDENTIFIER = tw.ohlulu.Example;
				PRODUCT_NAME = "$(TARGET_NAME)";
				SWIFT_VERSION = 5.0;
				TARGETED_DEVICE_FAMILY = "1,2";
			};
			name = Release;
		};
/* End XCBuildConfiguration section */

/* Begin XCConfigurationList section */
		BE04550622EDFAC000255267 /* Build configuration list for PBXProject "OhSwifter" */ = {
			isa = XCConfigurationList;
			buildConfigurations = (
				BE04551222EDFAC000255267 /* Debug */,
				BE04551322EDFAC000255267 /* Release */,
			);
			defaultConfigurationIsVisible = 0;
			defaultConfigurationName = Release;
		};
		BE04551422EDFAC000255267 /* Build configuration list for PBXNativeTarget "OhSwifter" */ = {
			isa = XCConfigurationList;
			buildConfigurations = (
				BE04551522EDFAC000255267 /* Debug */,
				BE04551622EDFAC000255267 /* Release */,
			);
			defaultConfigurationIsVisible = 0;
			defaultConfigurationName = Release;
		};
		BE571E982317E227002C2539 /* Build configuration list for PBXNativeTarget "OhSwifterTests" */ = {
			isa = XCConfigurationList;
			buildConfigurations = (
				BE571E992317E227002C2539 /* Debug */,
				BE571E9A2317E227002C2539 /* Release */,
			);
			defaultConfigurationIsVisible = 0;
			defaultConfigurationName = Release;
		};
		BE6FD67522EF417E0003B6C6 /* Build configuration list for PBXNativeTarget "Example" */ = {
			isa = XCConfigurationList;
			buildConfigurations = (
				BE6FD67322EF417E0003B6C6 /* Debug */,
				BE6FD67422EF417E0003B6C6 /* Release */,
			);
			defaultConfigurationIsVisible = 0;
			defaultConfigurationName = Release;
		};
/* End XCConfigurationList section */
	};
	rootObject = BE04550322EDFAC000255267 /* Project object */;
}
