// !$*UTF8*$!
{
	archiveVersion = 1;
	classes = {
	};
	objectVersion = 50;
	objects = {

/* Begin PBXBuildFile section */
		BE68499B22E8B8360042609B /* OhSwifter.framework in Frameworks */ = {isa = PBXBuildFile; fileRef = BE68499122E8B8360042609B /* OhSwifter.framework */; };
		BE6849A022E8B8360042609B /* OhSwifterTests.swift in Sources */ = {isa = PBXBuildFile; fileRef = BE68499F22E8B8360042609B /* OhSwifterTests.swift */; };
		BE6849A222E8B8360042609B /* OhSwifter.h in Headers */ = {isa = PBXBuildFile; fileRef = BE68499422E8B8360042609B /* OhSwifter.h */; settings = {ATTRIBUTES = (Public, ); }; };
		BE6849CC22E8B8C80042609B /* ClosureType.swift in Sources */ = {isa = PBXBuildFile; fileRef = BE6849AE22E8B8C80042609B /* ClosureType.swift */; };
		BE6849CD22E8B8C80042609B /* ClosureType.swift in Sources */ = {isa = PBXBuildFile; fileRef = BE6849AE22E8B8C80042609B /* ClosureType.swift */; };
		BE6849CE22E8B8C80042609B /* NumberType+Ext.swift in Sources */ = {isa = PBXBuildFile; fileRef = BE6849B022E8B8C80042609B /* NumberType+Ext.swift */; };
		BE6849CF22E8B8C80042609B /* NumberType+Ext.swift in Sources */ = {isa = PBXBuildFile; fileRef = BE6849B022E8B8C80042609B /* NumberType+Ext.swift */; };
		BE6849D022E8B8C80042609B /* TimeInterval+Ext.swift in Sources */ = {isa = PBXBuildFile; fileRef = BE6849B122E8B8C80042609B /* TimeInterval+Ext.swift */; };
		BE6849D122E8B8C80042609B /* TimeInterval+Ext.swift in Sources */ = {isa = PBXBuildFile; fileRef = BE6849B122E8B8C80042609B /* TimeInterval+Ext.swift */; };
		BE6849D222E8B8C80042609B /* Double+Ext.swift in Sources */ = {isa = PBXBuildFile; fileRef = BE6849B222E8B8C80042609B /* Double+Ext.swift */; };
		BE6849D322E8B8C80042609B /* Double+Ext.swift in Sources */ = {isa = PBXBuildFile; fileRef = BE6849B222E8B8C80042609B /* Double+Ext.swift */; };
		BE6849D422E8B8C80042609B /* Date+Ext.swift in Sources */ = {isa = PBXBuildFile; fileRef = BE6849B322E8B8C80042609B /* Date+Ext.swift */; };
		BE6849D522E8B8C80042609B /* Date+Ext.swift in Sources */ = {isa = PBXBuildFile; fileRef = BE6849B322E8B8C80042609B /* Date+Ext.swift */; };
		BE6849D622E8B8C80042609B /* FileMamager+Ext.swift in Sources */ = {isa = PBXBuildFile; fileRef = BE6849B422E8B8C80042609B /* FileMamager+Ext.swift */; };
		BE6849D722E8B8C80042609B /* FileMamager+Ext.swift in Sources */ = {isa = PBXBuildFile; fileRef = BE6849B422E8B8C80042609B /* FileMamager+Ext.swift */; };
		BE6849D822E8B8C80042609B /* Thread+Ext.swift in Sources */ = {isa = PBXBuildFile; fileRef = BE6849B522E8B8C80042609B /* Thread+Ext.swift */; };
		BE6849D922E8B8C80042609B /* Thread+Ext.swift in Sources */ = {isa = PBXBuildFile; fileRef = BE6849B522E8B8C80042609B /* Thread+Ext.swift */; };
		BE6849DA22E8B8C80042609B /* String+Ext.swift in Sources */ = {isa = PBXBuildFile; fileRef = BE6849B622E8B8C80042609B /* String+Ext.swift */; };
		BE6849DB22E8B8C80042609B /* String+Ext.swift in Sources */ = {isa = PBXBuildFile; fileRef = BE6849B622E8B8C80042609B /* String+Ext.swift */; };
		BE6849DC22E8B8C80042609B /* Array+Ext.swift in Sources */ = {isa = PBXBuildFile; fileRef = BE6849B722E8B8C80042609B /* Array+Ext.swift */; };
		BE6849DD22E8B8C80042609B /* Array+Ext.swift in Sources */ = {isa = PBXBuildFile; fileRef = BE6849B722E8B8C80042609B /* Array+Ext.swift */; };
		BE6849DE22E8B8C80042609B /* URL+Ext.swift in Sources */ = {isa = PBXBuildFile; fileRef = BE6849B822E8B8C80042609B /* URL+Ext.swift */; };
		BE6849DF22E8B8C80042609B /* URL+Ext.swift in Sources */ = {isa = PBXBuildFile; fileRef = BE6849B822E8B8C80042609B /* URL+Ext.swift */; };
		BE6849E022E8B8C80042609B /* RunTime+Ext.swift in Sources */ = {isa = PBXBuildFile; fileRef = BE6849BA22E8B8C80042609B /* RunTime+Ext.swift */; };
		BE6849E122E8B8C80042609B /* RunTime+Ext.swift in Sources */ = {isa = PBXBuildFile; fileRef = BE6849BA22E8B8C80042609B /* RunTime+Ext.swift */; };
		BE6849E222E8B8C80042609B /* PrivacyAuthorization.swift in Sources */ = {isa = PBXBuildFile; fileRef = BE6849BB22E8B8C80042609B /* PrivacyAuthorization.swift */; };
		BE6849E322E8B8C80042609B /* PrivacyAuthorization.swift in Sources */ = {isa = PBXBuildFile; fileRef = BE6849BB22E8B8C80042609B /* PrivacyAuthorization.swift */; };
		BE6849E422E8B8C80042609B /* UILabel+Ext.swift in Sources */ = {isa = PBXBuildFile; fileRef = BE6849BD22E8B8C80042609B /* UILabel+Ext.swift */; };
		BE6849E522E8B8C80042609B /* UILabel+Ext.swift in Sources */ = {isa = PBXBuildFile; fileRef = BE6849BD22E8B8C80042609B /* UILabel+Ext.swift */; };
		BE6849E622E8B8C80042609B /* Ext+UIScreen.swift in Sources */ = {isa = PBXBuildFile; fileRef = BE6849BE22E8B8C80042609B /* Ext+UIScreen.swift */; };
		BE6849E722E8B8C80042609B /* Ext+UIScreen.swift in Sources */ = {isa = PBXBuildFile; fileRef = BE6849BE22E8B8C80042609B /* Ext+UIScreen.swift */; };
		BE6849E822E8B8C80042609B /* UICollectionView+Ext.swift in Sources */ = {isa = PBXBuildFile; fileRef = BE6849BF22E8B8C80042609B /* UICollectionView+Ext.swift */; };
		BE6849E922E8B8C80042609B /* UICollectionView+Ext.swift in Sources */ = {isa = PBXBuildFile; fileRef = BE6849BF22E8B8C80042609B /* UICollectionView+Ext.swift */; };
		BE6849EA22E8B8C80042609B /* UIImage+Ext.swift in Sources */ = {isa = PBXBuildFile; fileRef = BE6849C022E8B8C80042609B /* UIImage+Ext.swift */; };
		BE6849EB22E8B8C80042609B /* UIImage+Ext.swift in Sources */ = {isa = PBXBuildFile; fileRef = BE6849C022E8B8C80042609B /* UIImage+Ext.swift */; };
		BE6849EC22E8B8C80042609B /* UITextField+Ext.swift in Sources */ = {isa = PBXBuildFile; fileRef = BE6849C122E8B8C80042609B /* UITextField+Ext.swift */; };
		BE6849ED22E8B8C80042609B /* UITextField+Ext.swift in Sources */ = {isa = PBXBuildFile; fileRef = BE6849C122E8B8C80042609B /* UITextField+Ext.swift */; };
		BE6849EE22E8B8C80042609B /* UITableView+Ext.swift in Sources */ = {isa = PBXBuildFile; fileRef = BE6849C222E8B8C80042609B /* UITableView+Ext.swift */; };
		BE6849EF22E8B8C80042609B /* UITableView+Ext.swift in Sources */ = {isa = PBXBuildFile; fileRef = BE6849C222E8B8C80042609B /* UITableView+Ext.swift */; };
		BE6849F022E8B8C80042609B /* UIButton+Ext.swift in Sources */ = {isa = PBXBuildFile; fileRef = BE6849C322E8B8C80042609B /* UIButton+Ext.swift */; };
		BE6849F122E8B8C80042609B /* UIButton+Ext.swift in Sources */ = {isa = PBXBuildFile; fileRef = BE6849C322E8B8C80042609B /* UIButton+Ext.swift */; };
		BE6849F222E8B8C80042609B /* UIScrollView+Ext.swift in Sources */ = {isa = PBXBuildFile; fileRef = BE6849C422E8B8C80042609B /* UIScrollView+Ext.swift */; };
		BE6849F322E8B8C80042609B /* UIScrollView+Ext.swift in Sources */ = {isa = PBXBuildFile; fileRef = BE6849C422E8B8C80042609B /* UIScrollView+Ext.swift */; };
		BE6849F422E8B8C80042609B /* UIColor+Ext.swift in Sources */ = {isa = PBXBuildFile; fileRef = BE6849C522E8B8C80042609B /* UIColor+Ext.swift */; };
		BE6849F522E8B8C80042609B /* UIColor+Ext.swift in Sources */ = {isa = PBXBuildFile; fileRef = BE6849C522E8B8C80042609B /* UIColor+Ext.swift */; };
		BE6849F622E8B8C80042609B /* UIAlertController+Ext.swift in Sources */ = {isa = PBXBuildFile; fileRef = BE6849C622E8B8C80042609B /* UIAlertController+Ext.swift */; };
		BE6849F722E8B8C80042609B /* UIAlertController+Ext.swift in Sources */ = {isa = PBXBuildFile; fileRef = BE6849C622E8B8C80042609B /* UIAlertController+Ext.swift */; };
		BE6849F822E8B8C80042609B /* UIStackView+Ext.swift in Sources */ = {isa = PBXBuildFile; fileRef = BE6849C722E8B8C80042609B /* UIStackView+Ext.swift */; };
		BE6849F922E8B8C80042609B /* UIStackView+Ext.swift in Sources */ = {isa = PBXBuildFile; fileRef = BE6849C722E8B8C80042609B /* UIStackView+Ext.swift */; };
		BE6849FA22E8B8C80042609B /* UIWindow+Ext.swift in Sources */ = {isa = PBXBuildFile; fileRef = BE6849C822E8B8C80042609B /* UIWindow+Ext.swift */; };
		BE6849FB22E8B8C80042609B /* UIWindow+Ext.swift in Sources */ = {isa = PBXBuildFile; fileRef = BE6849C822E8B8C80042609B /* UIWindow+Ext.swift */; };
		BE6849FC22E8B8C80042609B /* UIViewController+Ext.swift in Sources */ = {isa = PBXBuildFile; fileRef = BE6849C922E8B8C80042609B /* UIViewController+Ext.swift */; };
		BE6849FD22E8B8C80042609B /* UIViewController+Ext.swift in Sources */ = {isa = PBXBuildFile; fileRef = BE6849C922E8B8C80042609B /* UIViewController+Ext.swift */; };
		BE6849FE22E8B8C80042609B /* UIView+Ext.swift in Sources */ = {isa = PBXBuildFile; fileRef = BE6849CA22E8B8C80042609B /* UIView+Ext.swift */; };
		BE6849FF22E8B8C80042609B /* UIView+Ext.swift in Sources */ = {isa = PBXBuildFile; fileRef = BE6849CA22E8B8C80042609B /* UIView+Ext.swift */; };
		BE684A0022E8B8C80042609B /* PrintDebug.swift in Sources */ = {isa = PBXBuildFile; fileRef = BE6849CB22E8B8C80042609B /* PrintDebug.swift */; };
		BE684A0122E8B8C80042609B /* PrintDebug.swift in Sources */ = {isa = PBXBuildFile; fileRef = BE6849CB22E8B8C80042609B /* PrintDebug.swift */; };
		BE684A0722E9541D0042609B /* OhSwifterTests.xctest in Resources */ = {isa = PBXBuildFile; fileRef = BE68499A22E8B8360042609B /* OhSwifterTests.xctest */; };
/* End PBXBuildFile section */

/* Begin PBXContainerItemProxy section */
		BE68499C22E8B8360042609B /* PBXContainerItemProxy */ = {
			isa = PBXContainerItemProxy;
			containerPortal = BE68498822E8B8360042609B /* Project object */;
			proxyType = 1;
			remoteGlobalIDString = BE68499022E8B8360042609B;
			remoteInfo = OhSwifter;
		};
/* End PBXContainerItemProxy section */

/* Begin PBXFileReference section */
		BE68499122E8B8360042609B /* OhSwifter.framework */ = {isa = PBXFileReference; explicitFileType = wrapper.framework; includeInIndex = 0; path = OhSwifter.framework; sourceTree = BUILT_PRODUCTS_DIR; };
		BE68499422E8B8360042609B /* OhSwifter.h */ = {isa = PBXFileReference; lastKnownFileType = sourcecode.c.h; path = OhSwifter.h; sourceTree = "<group>"; };
		BE68499522E8B8360042609B /* Info.plist */ = {isa = PBXFileReference; lastKnownFileType = text.plist.xml; path = Info.plist; sourceTree = "<group>"; };
		BE68499A22E8B8360042609B /* OhSwifterTests.xctest */ = {isa = PBXFileReference; explicitFileType = wrapper.cfbundle; includeInIndex = 0; path = OhSwifterTests.xctest; sourceTree = BUILT_PRODUCTS_DIR; };
		BE68499F22E8B8360042609B /* OhSwifterTests.swift */ = {isa = PBXFileReference; lastKnownFileType = sourcecode.swift; path = OhSwifterTests.swift; sourceTree = "<group>"; };
		BE6849A122E8B8360042609B /* Info.plist */ = {isa = PBXFileReference; lastKnownFileType = text.plist.xml; path = Info.plist; sourceTree = "<group>"; };
		BE6849AE22E8B8C80042609B /* ClosureType.swift */ = {isa = PBXFileReference; fileEncoding = 4; lastKnownFileType = sourcecode.swift; path = ClosureType.swift; sourceTree = "<group>"; };
		BE6849B022E8B8C80042609B /* NumberType+Ext.swift */ = {isa = PBXFileReference; fileEncoding = 4; lastKnownFileType = sourcecode.swift; path = "NumberType+Ext.swift"; sourceTree = "<group>"; };
		BE6849B122E8B8C80042609B /* TimeInterval+Ext.swift */ = {isa = PBXFileReference; fileEncoding = 4; lastKnownFileType = sourcecode.swift; path = "TimeInterval+Ext.swift"; sourceTree = "<group>"; };
		BE6849B222E8B8C80042609B /* Double+Ext.swift */ = {isa = PBXFileReference; fileEncoding = 4; lastKnownFileType = sourcecode.swift; path = "Double+Ext.swift"; sourceTree = "<group>"; };
		BE6849B322E8B8C80042609B /* Date+Ext.swift */ = {isa = PBXFileReference; fileEncoding = 4; lastKnownFileType = sourcecode.swift; path = "Date+Ext.swift"; sourceTree = "<group>"; };
		BE6849B422E8B8C80042609B /* FileMamager+Ext.swift */ = {isa = PBXFileReference; fileEncoding = 4; lastKnownFileType = sourcecode.swift; path = "FileMamager+Ext.swift"; sourceTree = "<group>"; };
		BE6849B522E8B8C80042609B /* Thread+Ext.swift */ = {isa = PBXFileReference; fileEncoding = 4; lastKnownFileType = sourcecode.swift; path = "Thread+Ext.swift"; sourceTree = "<group>"; };
		BE6849B622E8B8C80042609B /* String+Ext.swift */ = {isa = PBXFileReference; fileEncoding = 4; lastKnownFileType = sourcecode.swift; path = "String+Ext.swift"; sourceTree = "<group>"; };
		BE6849B722E8B8C80042609B /* Array+Ext.swift */ = {isa = PBXFileReference; fileEncoding = 4; lastKnownFileType = sourcecode.swift; path = "Array+Ext.swift"; sourceTree = "<group>"; };
		BE6849B822E8B8C80042609B /* URL+Ext.swift */ = {isa = PBXFileReference; fileEncoding = 4; lastKnownFileType = sourcecode.swift; path = "URL+Ext.swift"; sourceTree = "<group>"; };
		BE6849BA22E8B8C80042609B /* RunTime+Ext.swift */ = {isa = PBXFileReference; fileEncoding = 4; lastKnownFileType = sourcecode.swift; path = "RunTime+Ext.swift"; sourceTree = "<group>"; };
		BE6849BB22E8B8C80042609B /* PrivacyAuthorization.swift */ = {isa = PBXFileReference; fileEncoding = 4; lastKnownFileType = sourcecode.swift; path = PrivacyAuthorization.swift; sourceTree = "<group>"; };
		BE6849BD22E8B8C80042609B /* UILabel+Ext.swift */ = {isa = PBXFileReference; fileEncoding = 4; lastKnownFileType = sourcecode.swift; path = "UILabel+Ext.swift"; sourceTree = "<group>"; };
		BE6849BE22E8B8C80042609B /* Ext+UIScreen.swift */ = {isa = PBXFileReference; fileEncoding = 4; lastKnownFileType = sourcecode.swift; path = "Ext+UIScreen.swift"; sourceTree = "<group>"; };
		BE6849BF22E8B8C80042609B /* UICollectionView+Ext.swift */ = {isa = PBXFileReference; fileEncoding = 4; lastKnownFileType = sourcecode.swift; path = "UICollectionView+Ext.swift"; sourceTree = "<group>"; };
		BE6849C022E8B8C80042609B /* UIImage+Ext.swift */ = {isa = PBXFileReference; fileEncoding = 4; lastKnownFileType = sourcecode.swift; path = "UIImage+Ext.swift"; sourceTree = "<group>"; };
		BE6849C122E8B8C80042609B /* UITextField+Ext.swift */ = {isa = PBXFileReference; fileEncoding = 4; lastKnownFileType = sourcecode.swift; path = "UITextField+Ext.swift"; sourceTree = "<group>"; };
		BE6849C222E8B8C80042609B /* UITableView+Ext.swift */ = {isa = PBXFileReference; fileEncoding = 4; lastKnownFileType = sourcecode.swift; path = "UITableView+Ext.swift"; sourceTree = "<group>"; };
		BE6849C322E8B8C80042609B /* UIButton+Ext.swift */ = {isa = PBXFileReference; fileEncoding = 4; lastKnownFileType = sourcecode.swift; path = "UIButton+Ext.swift"; sourceTree = "<group>"; };
		BE6849C422E8B8C80042609B /* UIScrollView+Ext.swift */ = {isa = PBXFileReference; fileEncoding = 4; lastKnownFileType = sourcecode.swift; path = "UIScrollView+Ext.swift"; sourceTree = "<group>"; };
		BE6849C522E8B8C80042609B /* UIColor+Ext.swift */ = {isa = PBXFileReference; fileEncoding = 4; lastKnownFileType = sourcecode.swift; path = "UIColor+Ext.swift"; sourceTree = "<group>"; };
		BE6849C622E8B8C80042609B /* UIAlertController+Ext.swift */ = {isa = PBXFileReference; fileEncoding = 4; lastKnownFileType = sourcecode.swift; path = "UIAlertController+Ext.swift"; sourceTree = "<group>"; };
		BE6849C722E8B8C80042609B /* UIStackView+Ext.swift */ = {isa = PBXFileReference; fileEncoding = 4; lastKnownFileType = sourcecode.swift; path = "UIStackView+Ext.swift"; sourceTree = "<group>"; };
		BE6849C822E8B8C80042609B /* UIWindow+Ext.swift */ = {isa = PBXFileReference; fileEncoding = 4; lastKnownFileType = sourcecode.swift; path = "UIWindow+Ext.swift"; sourceTree = "<group>"; };
		BE6849C922E8B8C80042609B /* UIViewController+Ext.swift */ = {isa = PBXFileReference; fileEncoding = 4; lastKnownFileType = sourcecode.swift; path = "UIViewController+Ext.swift"; sourceTree = "<group>"; };
		BE6849CA22E8B8C80042609B /* UIView+Ext.swift */ = {isa = PBXFileReference; fileEncoding = 4; lastKnownFileType = sourcecode.swift; path = "UIView+Ext.swift"; sourceTree = "<group>"; };
		BE6849CB22E8B8C80042609B /* PrintDebug.swift */ = {isa = PBXFileReference; fileEncoding = 4; lastKnownFileType = sourcecode.swift; path = PrintDebug.swift; sourceTree = "<group>"; };
/* End PBXFileReference section */

/* Begin PBXFrameworksBuildPhase section */
		BE68498E22E8B8360042609B /* Frameworks */ = {
			isa = PBXFrameworksBuildPhase;
			buildActionMask = 2147483647;
			files = (
			);
			runOnlyForDeploymentPostprocessing = 0;
		};
		BE68499722E8B8360042609B /* Frameworks */ = {
			isa = PBXFrameworksBuildPhase;
			buildActionMask = 2147483647;
			files = (
				BE68499B22E8B8360042609B /* OhSwifter.framework in Frameworks */,
			);
			runOnlyForDeploymentPostprocessing = 0;
		};
/* End PBXFrameworksBuildPhase section */

/* Begin PBXGroup section */
		BE68498722E8B8360042609B = {
			isa = PBXGroup;
			children = (
				BE68499322E8B8360042609B /* OhSwifter */,
				BE68499E22E8B8360042609B /* OhSwifterTests */,
				BE68499222E8B8360042609B /* Products */,
			);
			sourceTree = "<group>";
		};
		BE68499222E8B8360042609B /* Products */ = {
			isa = PBXGroup;
			children = (
				BE68499122E8B8360042609B /* OhSwifter.framework */,
				BE68499A22E8B8360042609B /* OhSwifterTests.xctest */,
			);
			name = Products;
			sourceTree = "<group>";
		};
		BE68499322E8B8360042609B /* OhSwifter */ = {
			isa = PBXGroup;
			children = (
				BE684A0322E8B8FD0042609B /* typealias */,
				BE684A0222E8B8EC0042609B /* Pring+Debug */,
				BE6849BC22E8B8C80042609B /* UIKit */,
				BE6849AF22E8B8C80042609B /* Fundation */,
				BE6849B922E8B8C80042609B /* RunTime */,
				BE684A0422E8B9200042609B /* PrivacyAuthorizedCheck */,
				BE68499422E8B8360042609B /* OhSwifter.h */,
				BE68499522E8B8360042609B /* Info.plist */,
			);
			path = OhSwifter;
			sourceTree = "<group>";
		};
		BE68499E22E8B8360042609B /* OhSwifterTests */ = {
			isa = PBXGroup;
			children = (
				BE68499F22E8B8360042609B /* OhSwifterTests.swift */,
				BE6849A122E8B8360042609B /* Info.plist */,
			);
			path = OhSwifterTests;
			sourceTree = "<group>";
		};
		BE6849AF22E8B8C80042609B /* Fundation */ = {
			isa = PBXGroup;
			children = (
				BE6849B022E8B8C80042609B /* NumberType+Ext.swift */,
				BE6849B122E8B8C80042609B /* TimeInterval+Ext.swift */,
				BE6849B222E8B8C80042609B /* Double+Ext.swift */,
				BE6849B322E8B8C80042609B /* Date+Ext.swift */,
				BE6849B422E8B8C80042609B /* FileMamager+Ext.swift */,
				BE6849B522E8B8C80042609B /* Thread+Ext.swift */,
				BE6849B622E8B8C80042609B /* String+Ext.swift */,
				BE6849B722E8B8C80042609B /* Array+Ext.swift */,
				BE6849B822E8B8C80042609B /* URL+Ext.swift */,
			);
			path = Fundation;
			sourceTree = "<group>";
		};
		BE6849B922E8B8C80042609B /* RunTime */ = {
			isa = PBXGroup;
			children = (
				BE6849BA22E8B8C80042609B /* RunTime+Ext.swift */,
			);
			path = RunTime;
			sourceTree = "<group>";
		};
		BE6849BC22E8B8C80042609B /* UIKit */ = {
			isa = PBXGroup;
			children = (
				BE6849BD22E8B8C80042609B /* UILabel+Ext.swift */,
				BE6849BE22E8B8C80042609B /* Ext+UIScreen.swift */,
				BE6849BF22E8B8C80042609B /* UICollectionView+Ext.swift */,
				BE6849C022E8B8C80042609B /* UIImage+Ext.swift */,
				BE6849C122E8B8C80042609B /* UITextField+Ext.swift */,
				BE6849C222E8B8C80042609B /* UITableView+Ext.swift */,
				BE6849C322E8B8C80042609B /* UIButton+Ext.swift */,
				BE6849C422E8B8C80042609B /* UIScrollView+Ext.swift */,
				BE6849C522E8B8C80042609B /* UIColor+Ext.swift */,
				BE6849C622E8B8C80042609B /* UIAlertController+Ext.swift */,
				BE6849C722E8B8C80042609B /* UIStackView+Ext.swift */,
				BE6849C822E8B8C80042609B /* UIWindow+Ext.swift */,
				BE6849C922E8B8C80042609B /* UIViewController+Ext.swift */,
				BE6849CA22E8B8C80042609B /* UIView+Ext.swift */,
			);
			path = UIKit;
			sourceTree = "<group>";
		};
		BE684A0222E8B8EC0042609B /* Pring+Debug */ = {
			isa = PBXGroup;
			children = (
				BE6849CB22E8B8C80042609B /* PrintDebug.swift */,
			);
			path = "Pring+Debug";
			sourceTree = "<group>";
		};
		BE684A0322E8B8FD0042609B /* typealias */ = {
			isa = PBXGroup;
			children = (
				BE6849AE22E8B8C80042609B /* ClosureType.swift */,
			);
			path = typealias;
			sourceTree = "<group>";
		};
		BE684A0422E8B9200042609B /* PrivacyAuthorizedCheck */ = {
			isa = PBXGroup;
			children = (
				BE6849BB22E8B8C80042609B /* PrivacyAuthorization.swift */,
			);
			path = PrivacyAuthorizedCheck;
			sourceTree = "<group>";
		};
/* End PBXGroup section */

/* Begin PBXHeadersBuildPhase section */
		BE68498C22E8B8360042609B /* Headers */ = {
			isa = PBXHeadersBuildPhase;
			buildActionMask = 2147483647;
			files = (
				BE6849A222E8B8360042609B /* OhSwifter.h in Headers */,
			);
			runOnlyForDeploymentPostprocessing = 0;
		};
/* End PBXHeadersBuildPhase section */

/* Begin PBXNativeTarget section */
		BE68499022E8B8360042609B /* OhSwifter */ = {
			isa = PBXNativeTarget;
			buildConfigurationList = BE6849A522E8B8360042609B /* Build configuration list for PBXNativeTarget "OhSwifter" */;
			buildPhases = (
				BE68498C22E8B8360042609B /* Headers */,
				BE68498D22E8B8360042609B /* Sources */,
				BE68498E22E8B8360042609B /* Frameworks */,
				BE68498F22E8B8360042609B /* Resources */,
			);
			buildRules = (
			);
			dependencies = (
			);
			name = OhSwifter;
			productName = OhSwifter;
			productReference = BE68499122E8B8360042609B /* OhSwifter.framework */;
			productType = "com.apple.product-type.framework";
		};
		BE68499922E8B8360042609B /* OhSwifterTests */ = {
			isa = PBXNativeTarget;
			buildConfigurationList = BE6849A822E8B8360042609B /* Build configuration list for PBXNativeTarget "OhSwifterTests" */;
			buildPhases = (
				BE68499622E8B8360042609B /* Sources */,
				BE68499722E8B8360042609B /* Frameworks */,
				BE68499822E8B8360042609B /* Resources */,
			);
			buildRules = (
			);
			dependencies = (
				BE68499D22E8B8360042609B /* PBXTargetDependency */,
			);
			name = OhSwifterTests;
			productName = OhSwifterTests;
			productReference = BE68499A22E8B8360042609B /* OhSwifterTests.xctest */;
			productType = "com.apple.product-type.bundle.unit-test";
		};
/* End PBXNativeTarget section */

/* Begin PBXProject section */
		BE68498822E8B8360042609B /* Project object */ = {
			isa = PBXProject;
			attributes = {
				LastSwiftUpdateCheck = 1030;
				LastUpgradeCheck = 1030;
				ORGANIZATIONNAME = ohlulu;
				TargetAttributes = {
					BE68499022E8B8360042609B = {
						CreatedOnToolsVersion = 10.3;
						LastSwiftMigration = 1030;
					};
					BE68499922E8B8360042609B = {
						CreatedOnToolsVersion = 10.3;
					};
				};
			};
			buildConfigurationList = BE68498B22E8B8360042609B /* Build configuration list for PBXProject "OhSwifter" */;
			compatibilityVersion = "Xcode 9.3";
			developmentRegion = en;
			hasScannedForEncodings = 0;
			knownRegions = (
				en,
			);
			mainGroup = BE68498722E8B8360042609B;
			productRefGroup = BE68499222E8B8360042609B /* Products */;
			projectDirPath = "";
			projectRoot = "";
			targets = (
				BE68499022E8B8360042609B /* OhSwifter */,
				BE68499922E8B8360042609B /* OhSwifterTests */,
			);
		};
/* End PBXProject section */

/* Begin PBXResourcesBuildPhase section */
		BE68498F22E8B8360042609B /* Resources */ = {
			isa = PBXResourcesBuildPhase;
			buildActionMask = 2147483647;
			files = (
				BE684A0722E9541D0042609B /* OhSwifterTests.xctest in Resources */,
			);
			runOnlyForDeploymentPostprocessing = 0;
		};
		BE68499822E8B8360042609B /* Resources */ = {
			isa = PBXResourcesBuildPhase;
			buildActionMask = 2147483647;
			files = (
			);
			runOnlyForDeploymentPostprocessing = 0;
		};
/* End PBXResourcesBuildPhase section */

/* Begin PBXSourcesBuildPhase section */
		BE68498D22E8B8360042609B /* Sources */ = {
			isa = PBXSourcesBuildPhase;
			buildActionMask = 2147483647;
			files = (
				BE684A0022E8B8C80042609B /* PrintDebug.swift in Sources */,
				BE6849F422E8B8C80042609B /* UIColor+Ext.swift in Sources */,
				BE6849E222E8B8C80042609B /* PrivacyAuthorization.swift in Sources */,
				BE6849E022E8B8C80042609B /* RunTime+Ext.swift in Sources */,
				BE6849D822E8B8C80042609B /* Thread+Ext.swift in Sources */,
				BE6849EE22E8B8C80042609B /* UITableView+Ext.swift in Sources */,
				BE6849D022E8B8C80042609B /* TimeInterval+Ext.swift in Sources */,
				BE6849E822E8B8C80042609B /* UICollectionView+Ext.swift in Sources */,
				BE6849FA22E8B8C80042609B /* UIWindow+Ext.swift in Sources */,
				BE6849F822E8B8C80042609B /* UIStackView+Ext.swift in Sources */,
				BE6849CE22E8B8C80042609B /* NumberType+Ext.swift in Sources */,
				BE6849D222E8B8C80042609B /* Double+Ext.swift in Sources */,
				BE6849F022E8B8C80042609B /* UIButton+Ext.swift in Sources */,
				BE6849F622E8B8C80042609B /* UIAlertController+Ext.swift in Sources */,
				BE6849F222E8B8C80042609B /* UIScrollView+Ext.swift in Sources */,
				BE6849CC22E8B8C80042609B /* ClosureType.swift in Sources */,
				BE6849D622E8B8C80042609B /* FileMamager+Ext.swift in Sources */,
				BE6849EA22E8B8C80042609B /* UIImage+Ext.swift in Sources */,
				BE6849E422E8B8C80042609B /* UILabel+Ext.swift in Sources */,
				BE6849DC22E8B8C80042609B /* Array+Ext.swift in Sources */,
				BE6849DE22E8B8C80042609B /* URL+Ext.swift in Sources */,
				BE6849EC22E8B8C80042609B /* UITextField+Ext.swift in Sources */,
				BE6849DA22E8B8C80042609B /* String+Ext.swift in Sources */,
				BE6849FE22E8B8C80042609B /* UIView+Ext.swift in Sources */,
				BE6849FC22E8B8C80042609B /* UIViewController+Ext.swift in Sources */,
				BE6849D422E8B8C80042609B /* Date+Ext.swift in Sources */,
				BE6849E622E8B8C80042609B /* Ext+UIScreen.swift in Sources */,
			);
			runOnlyForDeploymentPostprocessing = 0;
		};
		BE68499622E8B8360042609B /* Sources */ = {
			isa = PBXSourcesBuildPhase;
			buildActionMask = 2147483647;
			files = (
				BE6849DB22E8B8C80042609B /* String+Ext.swift in Sources */,
				BE6849ED22E8B8C80042609B /* UITextField+Ext.swift in Sources */,
				BE6849CF22E8B8C80042609B /* NumberType+Ext.swift in Sources */,
				BE6849F922E8B8C80042609B /* UIStackView+Ext.swift in Sources */,
				BE6849EB22E8B8C80042609B /* UIImage+Ext.swift in Sources */,
				BE6849FF22E8B8C80042609B /* UIView+Ext.swift in Sources */,
				BE6849D722E8B8C80042609B /* FileMamager+Ext.swift in Sources */,
				BE6849FB22E8B8C80042609B /* UIWindow+Ext.swift in Sources */,
				BE6849D122E8B8C80042609B /* TimeInterval+Ext.swift in Sources */,
				BE6849EF22E8B8C80042609B /* UITableView+Ext.swift in Sources */,
				BE6849E122E8B8C80042609B /* RunTime+Ext.swift in Sources */,
				BE684A0122E8B8C80042609B /* PrintDebug.swift in Sources */,
				BE6849F322E8B8C80042609B /* UIScrollView+Ext.swift in Sources */,
				BE6849A022E8B8360042609B /* OhSwifterTests.swift in Sources */,
				BE6849E922E8B8C80042609B /* UICollectionView+Ext.swift in Sources */,
				BE6849E522E8B8C80042609B /* UILabel+Ext.swift in Sources */,
				BE6849FD22E8B8C80042609B /* UIViewController+Ext.swift in Sources */,
				BE6849D522E8B8C80042609B /* Date+Ext.swift in Sources */,
				BE6849E322E8B8C80042609B /* PrivacyAuthorization.swift in Sources */,
				BE6849DF22E8B8C80042609B /* URL+Ext.swift in Sources */,
				BE6849F522E8B8C80042609B /* UIColor+Ext.swift in Sources */,
				BE6849F722E8B8C80042609B /* UIAlertController+Ext.swift in Sources */,
				BE6849CD22E8B8C80042609B /* ClosureType.swift in Sources */,
				BE6849F122E8B8C80042609B /* UIButton+Ext.swift in Sources */,
				BE6849DD22E8B8C80042609B /* Array+Ext.swift in Sources */,
				BE6849E722E8B8C80042609B /* Ext+UIScreen.swift in Sources */,
				BE6849D322E8B8C80042609B /* Double+Ext.swift in Sources */,
				BE6849D922E8B8C80042609B /* Thread+Ext.swift in Sources */,
			);
			runOnlyForDeploymentPostprocessing = 0;
		};
/* End PBXSourcesBuildPhase section */

/* Begin PBXTargetDependency section */
		BE68499D22E8B8360042609B /* PBXTargetDependency */ = {
			isa = PBXTargetDependency;
			target = BE68499022E8B8360042609B /* OhSwifter */;
			targetProxy = BE68499C22E8B8360042609B /* PBXContainerItemProxy */;
		};
/* End PBXTargetDependency section */

/* Begin XCBuildConfiguration section */
		BE6849A322E8B8360042609B /* Debug */ = {
			isa = XCBuildConfiguration;
			buildSettings = {
				ALWAYS_SEARCH_USER_PATHS = NO;
				CLANG_ANALYZER_NONNULL = YES;
				CLANG_ANALYZER_NUMBER_OBJECT_CONVERSION = YES_AGGRESSIVE;
				CLANG_CXX_LANGUAGE_STANDARD = "gnu++14";
				CLANG_CXX_LIBRARY = "libc++";
				CLANG_ENABLE_MODULES = YES;
				CLANG_ENABLE_OBJC_ARC = YES;
				CLANG_ENABLE_OBJC_WEAK = YES;
				CLANG_WARN_BLOCK_CAPTURE_AUTORELEASING = YES;
				CLANG_WARN_BOOL_CONVERSION = YES;
				CLANG_WARN_COMMA = YES;
				CLANG_WARN_CONSTANT_CONVERSION = YES;
				CLANG_WARN_DEPRECATED_OBJC_IMPLEMENTATIONS = YES;
				CLANG_WARN_DIRECT_OBJC_ISA_USAGE = YES_ERROR;
				CLANG_WARN_DOCUMENTATION_COMMENTS = YES;
				CLANG_WARN_EMPTY_BODY = YES;
				CLANG_WARN_ENUM_CONVERSION = YES;
				CLANG_WARN_INFINITE_RECURSION = YES;
				CLANG_WARN_INT_CONVERSION = YES;
				CLANG_WARN_NON_LITERAL_NULL_CONVERSION = YES;
				CLANG_WARN_OBJC_IMPLICIT_RETAIN_SELF = YES;
				CLANG_WARN_OBJC_LITERAL_CONVERSION = YES;
				CLANG_WARN_OBJC_ROOT_CLASS = YES_ERROR;
				CLANG_WARN_RANGE_LOOP_ANALYSIS = YES;
				CLANG_WARN_STRICT_PROTOTYPES = YES;
				CLANG_WARN_SUSPICIOUS_MOVE = YES;
				CLANG_WARN_UNGUARDED_AVAILABILITY = YES_AGGRESSIVE;
				CLANG_WARN_UNREACHABLE_CODE = YES;
				CLANG_WARN__DUPLICATE_METHOD_MATCH = YES;
				CODE_SIGN_IDENTITY = "iPhone Developer";
				COPY_PHASE_STRIP = NO;
				CURRENT_PROJECT_VERSION = 1;
				DEBUG_INFORMATION_FORMAT = dwarf;
				ENABLE_STRICT_OBJC_MSGSEND = YES;
				ENABLE_TESTABILITY = YES;
				GCC_C_LANGUAGE_STANDARD = gnu11;
				GCC_DYNAMIC_NO_PIC = NO;
				GCC_NO_COMMON_BLOCKS = YES;
				GCC_OPTIMIZATION_LEVEL = 0;
				GCC_PREPROCESSOR_DEFINITIONS = (
					"DEBUG=1",
					"$(inherited)",
				);
				GCC_WARN_64_TO_32_BIT_CONVERSION = YES;
				GCC_WARN_ABOUT_RETURN_TYPE = YES_ERROR;
				GCC_WARN_UNDECLARED_SELECTOR = YES;
				GCC_WARN_UNINITIALIZED_AUTOS = YES_AGGRESSIVE;
				GCC_WARN_UNUSED_FUNCTION = YES;
				GCC_WARN_UNUSED_VARIABLE = YES;
				IPHONEOS_DEPLOYMENT_TARGET = 12.4;
				MTL_ENABLE_DEBUG_INFO = INCLUDE_SOURCE;
				MTL_FAST_MATH = YES;
				ONLY_ACTIVE_ARCH = YES;
				SDKROOT = iphoneos;
				SWIFT_ACTIVE_COMPILATION_CONDITIONS = DEBUG;
				SWIFT_OPTIMIZATION_LEVEL = "-Onone";
				VERSIONING_SYSTEM = "apple-generic";
				VERSION_INFO_PREFIX = "";
			};
			name = Debug;
		};
		BE6849A422E8B8360042609B /* Release */ = {
			isa = XCBuildConfiguration;
			buildSettings = {
				ALWAYS_SEARCH_USER_PATHS = NO;
				CLANG_ANALYZER_NONNULL = YES;
				CLANG_ANALYZER_NUMBER_OBJECT_CONVERSION = YES_AGGRESSIVE;
				CLANG_CXX_LANGUAGE_STANDARD = "gnu++14";
				CLANG_CXX_LIBRARY = "libc++";
				CLANG_ENABLE_MODULES = YES;
				CLANG_ENABLE_OBJC_ARC = YES;
				CLANG_ENABLE_OBJC_WEAK = YES;
				CLANG_WARN_BLOCK_CAPTURE_AUTORELEASING = YES;
				CLANG_WARN_BOOL_CONVERSION = YES;
				CLANG_WARN_COMMA = YES;
				CLANG_WARN_CONSTANT_CONVERSION = YES;
				CLANG_WARN_DEPRECATED_OBJC_IMPLEMENTATIONS = YES;
				CLANG_WARN_DIRECT_OBJC_ISA_USAGE = YES_ERROR;
				CLANG_WARN_DOCUMENTATION_COMMENTS = YES;
				CLANG_WARN_EMPTY_BODY = YES;
				CLANG_WARN_ENUM_CONVERSION = YES;
				CLANG_WARN_INFINITE_RECURSION = YES;
				CLANG_WARN_INT_CONVERSION = YES;
				CLANG_WARN_NON_LITERAL_NULL_CONVERSION = YES;
				CLANG_WARN_OBJC_IMPLICIT_RETAIN_SELF = YES;
				CLANG_WARN_OBJC_LITERAL_CONVERSION = YES;
				CLANG_WARN_OBJC_ROOT_CLASS = YES_ERROR;
				CLANG_WARN_RANGE_LOOP_ANALYSIS = YES;
				CLANG_WARN_STRICT_PROTOTYPES = YES;
				CLANG_WARN_SUSPICIOUS_MOVE = YES;
				CLANG_WARN_UNGUARDED_AVAILABILITY = YES_AGGRESSIVE;
				CLANG_WARN_UNREACHABLE_CODE = YES;
				CLANG_WARN__DUPLICATE_METHOD_MATCH = YES;
				CODE_SIGN_IDENTITY = "iPhone Developer";
				COPY_PHASE_STRIP = NO;
				CURRENT_PROJECT_VERSION = 1;
				DEBUG_INFORMATION_FORMAT = "dwarf-with-dsym";
				ENABLE_NS_ASSERTIONS = NO;
				ENABLE_STRICT_OBJC_MSGSEND = YES;
				GCC_C_LANGUAGE_STANDARD = gnu11;
				GCC_NO_COMMON_BLOCKS = YES;
				GCC_WARN_64_TO_32_BIT_CONVERSION = YES;
				GCC_WARN_ABOUT_RETURN_TYPE = YES_ERROR;
				GCC_WARN_UNDECLARED_SELECTOR = YES;
				GCC_WARN_UNINITIALIZED_AUTOS = YES_AGGRESSIVE;
				GCC_WARN_UNUSED_FUNCTION = YES;
				GCC_WARN_UNUSED_VARIABLE = YES;
				IPHONEOS_DEPLOYMENT_TARGET = 12.4;
				MTL_ENABLE_DEBUG_INFO = NO;
				MTL_FAST_MATH = YES;
				SDKROOT = iphoneos;
				SWIFT_COMPILATION_MODE = wholemodule;
				SWIFT_OPTIMIZATION_LEVEL = "-O";
				VALIDATE_PRODUCT = YES;
				VERSIONING_SYSTEM = "apple-generic";
				VERSION_INFO_PREFIX = "";
			};
			name = Release;
		};
		BE6849A622E8B8360042609B /* Debug */ = {
			isa = XCBuildConfiguration;
			buildSettings = {
				CLANG_ENABLE_MODULES = YES;
				CODE_SIGN_IDENTITY = "";
				CODE_SIGN_STYLE = Automatic;
				DEFINES_MODULE = YES;
				DEVELOPMENT_TEAM = TSTQSY2TJN;
				DYLIB_COMPATIBILITY_VERSION = 1;
				DYLIB_CURRENT_VERSION = 1;
				DYLIB_INSTALL_NAME_BASE = "@rpath";
				INFOPLIST_FILE = OhSwifter/Info.plist;
				INSTALL_PATH = "$(LOCAL_LIBRARY_DIR)/Frameworks";
				IPHONEOS_DEPLOYMENT_TARGET = 11;
				LD_RUNPATH_SEARCH_PATHS = (
					"$(inherited)",
					"@executable_path/Frameworks",
					"@loader_path/Frameworks",
				);
				PRODUCT_BUNDLE_IDENTIFIER = tw.ohlulu.OhSwifter;
				PRODUCT_NAME = "$(TARGET_NAME:c99extidentifier)";
				SKIP_INSTALL = YES;
				SWIFT_OPTIMIZATION_LEVEL = "-Onone";
				SWIFT_VERSION = 5.0;
				TARGETED_DEVICE_FAMILY = "1,2";
			};
			name = Debug;
		};
		BE6849A722E8B8360042609B /* Release */ = {
			isa = XCBuildConfiguration;
			buildSettings = {
				CLANG_ENABLE_MODULES = YES;
				CODE_SIGN_IDENTITY = "";
				CODE_SIGN_STYLE = Automatic;
				DEFINES_MODULE = YES;
				DEVELOPMENT_TEAM = TSTQSY2TJN;
				DYLIB_COMPATIBILITY_VERSION = 1;
				DYLIB_CURRENT_VERSION = 1;
				DYLIB_INSTALL_NAME_BASE = "@rpath";
				INFOPLIST_FILE = OhSwifter/Info.plist;
				INSTALL_PATH = "$(LOCAL_LIBRARY_DIR)/Frameworks";
				IPHONEOS_DEPLOYMENT_TARGET = 11;
				LD_RUNPATH_SEARCH_PATHS = (
					"$(inherited)",
					"@executable_path/Frameworks",
					"@loader_path/Frameworks",
				);
				PRODUCT_BUNDLE_IDENTIFIER = tw.ohlulu.OhSwifter;
				PRODUCT_NAME = "$(TARGET_NAME:c99extidentifier)";
				SKIP_INSTALL = YES;
				SWIFT_VERSION = 5.0;
				TARGETED_DEVICE_FAMILY = "1,2";
			};
			name = Release;
		};
		BE6849A922E8B8360042609B /* Debug */ = {
			isa = XCBuildConfiguration;
			buildSettings = {
				ALWAYS_EMBED_SWIFT_STANDARD_LIBRARIES = YES;
				CODE_SIGN_STYLE = Automatic;
				DEVELOPMENT_TEAM = TSTQSY2TJN;
				INFOPLIST_FILE = OhSwifterTests/Info.plist;
				LD_RUNPATH_SEARCH_PATHS = (
					"$(inherited)",
					"@executable_path/Frameworks",
					"@loader_path/Frameworks",
				);
				PRODUCT_BUNDLE_IDENTIFIER = tw.ohlulu.OhSwifterTests;
				PRODUCT_NAME = "$(TARGET_NAME)";
				SWIFT_VERSION = 5.0;
				TARGETED_DEVICE_FAMILY = "1,2";
			};
			name = Debug;
		};
		BE6849AA22E8B8360042609B /* Release */ = {
			isa = XCBuildConfiguration;
			buildSettings = {
				ALWAYS_EMBED_SWIFT_STANDARD_LIBRARIES = YES;
				CODE_SIGN_STYLE = Automatic;
				DEVELOPMENT_TEAM = TSTQSY2TJN;
				INFOPLIST_FILE = OhSwifterTests/Info.plist;
				LD_RUNPATH_SEARCH_PATHS = (
					"$(inherited)",
					"@executable_path/Frameworks",
					"@loader_path/Frameworks",
				);
				PRODUCT_BUNDLE_IDENTIFIER = tw.ohlulu.OhSwifterTests;
				PRODUCT_NAME = "$(TARGET_NAME)";
				SWIFT_VERSION = 5.0;
				TARGETED_DEVICE_FAMILY = "1,2";
			};
			name = Release;
		};
/* End XCBuildConfiguration section */

/* Begin XCConfigurationList section */
		BE68498B22E8B8360042609B /* Build configuration list for PBXProject "OhSwifter" */ = {
			isa = XCConfigurationList;
			buildConfigurations = (
				BE6849A322E8B8360042609B /* Debug */,
				BE6849A422E8B8360042609B /* Release */,
			);
			defaultConfigurationIsVisible = 0;
			defaultConfigurationName = Release;
		};
		BE6849A522E8B8360042609B /* Build configuration list for PBXNativeTarget "OhSwifter" */ = {
			isa = XCConfigurationList;
			buildConfigurations = (
				BE6849A622E8B8360042609B /* Debug */,
				BE6849A722E8B8360042609B /* Release */,
			);
			defaultConfigurationIsVisible = 0;
			defaultConfigurationName = Release;
		};
		BE6849A822E8B8360042609B /* Build configuration list for PBXNativeTarget "OhSwifterTests" */ = {
			isa = XCConfigurationList;
			buildConfigurations = (
				BE6849A922E8B8360042609B /* Debug */,
				BE6849AA22E8B8360042609B /* Release */,
			);
			defaultConfigurationIsVisible = 0;
			defaultConfigurationName = Release;
		};
/* End XCConfigurationList section */
	};
	rootObject = BE68498822E8B8360042609B /* Project object */;
}
