PODS:
  - SwiftMinions (5.0.1):
    - SwiftMinions/Core (= 5.0.1)
  - SwiftMinions/Core (5.0.1)

DEPENDENCIES:
  - SwiftMinions

SPEC REPOS:
  trunk:
    - SwiftMinions

SPEC CHECKSUMS:
  SwiftMinions: 50abe22d9a8cdf103e28fcc5067096562fecab22

PODFILE CHECKSUM: 6083ea86de975a8723c795eb29eb1f57097d45d1

COCOAPODS: 1.9.0
