PODS:
  - SwiftMinions (5.0.0):
    - SwiftMinions/Core (= 5.0.0)
  - SwiftMinions/Core (5.0.0)

DEPENDENCIES:
  - SwiftMinions

SPEC REPOS:
  trunk:
    - SwiftMinions

SPEC CHECKSUMS:
  SwiftMinions: 0dfac1b355902fce93ba828b255332c0ae42e988

PODFILE CHECKSUM: 6083ea86de975a8723c795eb29eb1f57097d45d1

COCOAPODS: 1.9.0
